
Microsoft Visual Studio Solution File, Format Version 12.00
# Visual Studio Version 16
Project("{8BC9CEB8-8B4A-11D0-8D11-00A0C91BC942}") = "ALL_BUILD", "ALL_BUILD.vcxproj", "{3E6A2C24-06C1-3E26-9D40-63612C2643A9}"
	ProjectSection(ProjectDependencies) = postProject
		{E8579AB7-D1C9-3171-8218-894E72EC3C9C} = {E8579AB7-D1C9-3171-8218-894E72EC3C9C}
		{D7F9C220-30E7-3C16-B3B3-CAA25C13E61C} = {D7F9C220-30E7-3C16-B3B3-CAA25C13E61C}
		{49E8327C-6AFC-3A52-BC2B-7F137249173A} = {49E8327C-6AFC-3A52-BC2B-7F137249173A}
		{25097AEE-CCCF-3B7C-849D-83704EE597F0} = {25097AEE-CCCF-3B7C-849D-83704EE597F0}
	EndProjectSection
EndProject
Project("{8BC9CEB8-8B4A-11D0-8D11-00A0C91BC942}") = "INSTALL", "INSTALL.vcxproj", "{9388D17F-E1B0-3A12-9BBD-B22AAE8563E9}"
	ProjectSection(ProjectDependencies) = postProject
		{3E6A2C24-06C1-3E26-9D40-63612C2643A9} = {3E6A2C24-06C1-3E26-9D40-63612C2643A9}
		{E8579AB7-D1C9-3171-8218-894E72EC3C9C} = {E8579AB7-D1C9-3171-8218-894E72EC3C9C}
	EndProjectSection
EndProject
Project("{8BC9CEB8-8B4A-11D0-8D11-00A0C91BC942}") = "UpdateAssimpLibsDebugSymbolsAndDLLs", "UpdateAssimpLibsDebugSymbolsAndDLLs.vcxproj", "{2385F32E-8010-376D-A5A6-BA70108C0E08}"
	ProjectSection(ProjectDependencies) = postProject
		{E8579AB7-D1C9-3171-8218-894E72EC3C9C} = {E8579AB7-D1C9-3171-8218-894E72EC3C9C}
	EndProjectSection
EndProject
Project("{8BC9CEB8-8B4A-11D0-8D11-00A0C91BC942}") = "ZERO_CHECK", "ZERO_CHECK.vcxproj", "{E8579AB7-D1C9-3171-8218-894E72EC3C9C}"
	ProjectSection(ProjectDependencies) = postProject
	EndProjectSection
EndProject
Project("{8BC9CEB8-8B4A-11D0-8D11-00A0C91BC942}") = "assimp", "code\assimp.vcxproj", "{D7F9C220-30E7-3C16-B3B3-CAA25C13E61C}"
	ProjectSection(ProjectDependencies) = postProject
		{E8579AB7-D1C9-3171-8218-894E72EC3C9C} = {E8579AB7-D1C9-3171-8218-894E72EC3C9C}
		{25097AEE-CCCF-3B7C-849D-83704EE597F0} = {25097AEE-CCCF-3B7C-849D-83704EE597F0}
	EndProjectSection
EndProject
Project("{8BC9CEB8-8B4A-11D0-8D11-00A0C91BC942}") = "uninstall", "uninstall.vcxproj", "{D38E59E4-BFA9-3A9B-9EE3-E0859B37F343}"
	ProjectSection(ProjectDependencies) = postProject
		{E8579AB7-D1C9-3171-8218-894E72EC3C9C} = {E8579AB7-D1C9-3171-8218-894E72EC3C9C}
	EndProjectSection
EndProject
Project("{8BC9CEB8-8B4A-11D0-8D11-00A0C91BC942}") = "unit", "test\unit.vcxproj", "{49E8327C-6AFC-3A52-BC2B-7F137249173A}"
	ProjectSection(ProjectDependencies) = postProject
		{E8579AB7-D1C9-3171-8218-894E72EC3C9C} = {E8579AB7-D1C9-3171-8218-894E72EC3C9C}
		{D7F9C220-30E7-3C16-B3B3-CAA25C13E61C} = {D7F9C220-30E7-3C16-B3B3-CAA25C13E61C}
		{25097AEE-CCCF-3B7C-849D-83704EE597F0} = {25097AEE-CCCF-3B7C-849D-83704EE597F0}
	EndProjectSection
EndProject
Project("{8BC9CEB8-8B4A-11D0-8D11-00A0C91BC942}") = "zlibstatic", "contrib\zlib\zlibstatic.vcxproj", "{25097AEE-CCCF-3B7C-849D-83704EE597F0}"
	ProjectSection(ProjectDependencies) = postProject
		{E8579AB7-D1C9-3171-8218-894E72EC3C9C} = {E8579AB7-D1C9-3171-8218-894E72EC3C9C}
	EndProjectSection
EndProject
Global
	GlobalSection(SolutionConfigurationPlatforms) = preSolution
		Debug|x64 = Debug|x64
		Release|x64 = Release|x64
		MinSizeRel|x64 = MinSizeRel|x64
		RelWithDebInfo|x64 = RelWithDebInfo|x64
	EndGlobalSection
	GlobalSection(ProjectConfigurationPlatforms) = postSolution
		{3E6A2C24-06C1-3E26-9D40-63612C2643A9}.Debug|x64.ActiveCfg = Debug|x64
		{3E6A2C24-06C1-3E26-9D40-63612C2643A9}.Debug|x64.Build.0 = Debug|x64
		{3E6A2C24-06C1-3E26-9D40-63612C2643A9}.Release|x64.ActiveCfg = Release|x64
		{3E6A2C24-06C1-3E26-9D40-63612C2643A9}.Release|x64.Build.0 = Release|x64
		{3E6A2C24-06C1-3E26-9D40-63612C2643A9}.MinSizeRel|x64.ActiveCfg = MinSizeRel|x64
		{3E6A2C24-06C1-3E26-9D40-63612C2643A9}.MinSizeRel|x64.Build.0 = MinSizeRel|x64
		{3E6A2C24-06C1-3E26-9D40-63612C2643A9}.RelWithDebInfo|x64.ActiveCfg = RelWithDebInfo|x64
		{3E6A2C24-06C1-3E26-9D40-63612C2643A9}.RelWithDebInfo|x64.Build.0 = RelWithDebInfo|x64
		{9388D17F-E1B0-3A12-9BBD-B22AAE8563E9}.Debug|x64.ActiveCfg = Debug|x64
		{9388D17F-E1B0-3A12-9BBD-B22AAE8563E9}.Release|x64.ActiveCfg = Release|x64
		{9388D17F-E1B0-3A12-9BBD-B22AAE8563E9}.MinSizeRel|x64.ActiveCfg = MinSizeRel|x64
		{9388D17F-E1B0-3A12-9BBD-B22AAE8563E9}.RelWithDebInfo|x64.ActiveCfg = RelWithDebInfo|x64
		{2385F32E-8010-376D-A5A6-BA70108C0E08}.Debug|x64.ActiveCfg = Debug|x64
		{2385F32E-8010-376D-A5A6-BA70108C0E08}.Release|x64.ActiveCfg = Release|x64
		{2385F32E-8010-376D-A5A6-BA70108C0E08}.MinSizeRel|x64.ActiveCfg = MinSizeRel|x64
		{2385F32E-8010-376D-A5A6-BA70108C0E08}.RelWithDebInfo|x64.ActiveCfg = RelWithDebInfo|x64
		{E8579AB7-D1C9-3171-8218-894E72EC3C9C}.Debug|x64.ActiveCfg = Debug|x64
		{E8579AB7-D1C9-3171-8218-894E72EC3C9C}.Debug|x64.Build.0 = Debug|x64
		{E8579AB7-D1C9-3171-8218-894E72EC3C9C}.Release|x64.ActiveCfg = Release|x64
		{E8579AB7-D1C9-3171-8218-894E72EC3C9C}.Release|x64.Build.0 = Release|x64
		{E8579AB7-D1C9-3171-8218-894E72EC3C9C}.MinSizeRel|x64.ActiveCfg = MinSizeRel|x64
		{E8579AB7-D1C9-3171-8218-894E72EC3C9C}.MinSizeRel|x64.Build.0 = MinSizeRel|x64
		{E8579AB7-D1C9-3171-8218-894E72EC3C9C}.RelWithDebInfo|x64.ActiveCfg = RelWithDebInfo|x64
		{E8579AB7-D1C9-3171-8218-894E72EC3C9C}.RelWithDebInfo|x64.Build.0 = RelWithDebInfo|x64
		{D7F9C220-30E7-3C16-B3B3-CAA25C13E61C}.Debug|x64.ActiveCfg = Debug|x64
		{D7F9C220-30E7-3C16-B3B3-CAA25C13E61C}.Debug|x64.Build.0 = Debug|x64
		{D7F9C220-30E7-3C16-B3B3-CAA25C13E61C}.Release|x64.ActiveCfg = Release|x64
		{D7F9C220-30E7-3C16-B3B3-CAA25C13E61C}.Release|x64.Build.0 = Release|x64
		{D7F9C220-30E7-3C16-B3B3-CAA25C13E61C}.MinSizeRel|x64.ActiveCfg = MinSizeRel|x64
		{D7F9C220-30E7-3C16-B3B3-CAA25C13E61C}.MinSizeRel|x64.Build.0 = MinSizeRel|x64
		{D7F9C220-30E7-3C16-B3B3-CAA25C13E61C}.RelWithDebInfo|x64.ActiveCfg = RelWithDebInfo|x64
		{D7F9C220-30E7-3C16-B3B3-CAA25C13E61C}.RelWithDebInfo|x64.Build.0 = RelWithDebInfo|x64
		{D38E59E4-BFA9-3A9B-9EE3-E0859B37F343}.Debug|x64.ActiveCfg = Debug|x64
		{D38E59E4-BFA9-3A9B-9EE3-E0859B37F343}.Release|x64.ActiveCfg = Release|x64
		{D38E59E4-BFA9-3A9B-9EE3-E0859B37F343}.MinSizeRel|x64.ActiveCfg = MinSizeRel|x64
		{D38E59E4-BFA9-3A9B-9EE3-E0859B37F343}.RelWithDebInfo|x64.ActiveCfg = RelWithDebInfo|x64
		{49E8327C-6AFC-3A52-BC2B-7F137249173A}.Debug|x64.ActiveCfg = Debug|x64
		{49E8327C-6AFC-3A52-BC2B-7F137249173A}.Debug|x64.Build.0 = Debug|x64
		{49E8327C-6AFC-3A52-BC2B-7F137249173A}.Release|x64.ActiveCfg = Release|x64
		{49E8327C-6AFC-3A52-BC2B-7F137249173A}.Release|x64.Build.0 = Release|x64
		{49E8327C-6AFC-3A52-BC2B-7F137249173A}.MinSizeRel|x64.ActiveCfg = MinSizeRel|x64
		{49E8327C-6AFC-3A52-BC2B-7F137249173A}.MinSizeRel|x64.Build.0 = MinSizeRel|x64
		{49E8327C-6AFC-3A52-BC2B-7F137249173A}.RelWithDebInfo|x64.ActiveCfg = RelWithDebInfo|x64
		{49E8327C-6AFC-3A52-BC2B-7F137249173A}.RelWithDebInfo|x64.Build.0 = RelWithDebInfo|x64
		{25097AEE-CCCF-3B7C-849D-83704EE597F0}.Debug|x64.ActiveCfg = Debug|x64
		{25097AEE-CCCF-3B7C-849D-83704EE597F0}.Debug|x64.Build.0 = Debug|x64
		{25097AEE-CCCF-3B7C-849D-83704EE597F0}.Release|x64.ActiveCfg = Release|x64
		{25097AEE-CCCF-3B7C-849D-83704EE597F0}.Release|x64.Build.0 = Release|x64
		{25097AEE-CCCF-3B7C-849D-83704EE597F0}.MinSizeRel|x64.ActiveCfg = MinSizeRel|x64
		{25097AEE-CCCF-3B7C-849D-83704EE597F0}.MinSizeRel|x64.Build.0 = MinSizeRel|x64
		{25097AEE-CCCF-3B7C-849D-83704EE597F0}.RelWithDebInfo|x64.ActiveCfg = RelWithDebInfo|x64
		{25097AEE-CCCF-3B7C-849D-83704EE597F0}.RelWithDebInfo|x64.Build.0 = RelWithDebInfo|x64
	EndGlobalSection
	GlobalSection(ExtensibilityGlobals) = postSolution
		SolutionGuid = {54A47BCB-8049-395D-977A-A39D509FC886}
	EndGlobalSection
	GlobalSection(ExtensibilityAddIns) = postSolution
	EndGlobalSection
EndGlobal
