<?xml version="1.0" encoding="utf-8"?>
<Project ToolsVersion="16.0" xmlns="http://schemas.microsoft.com/developer/msbuild/2003">
  <ItemGroup>
    <ClCompile Include="D:\FinalTeam\FinalTeam\assimp-master\code\Common\Assimp.cpp">
      <Filter>Source Files</Filter>
    </ClCompile>
    <ClCompile Include="D:\FinalTeam\FinalTeam\assimp-master\code\CApi\CInterfaceIOWrapper.cpp">
      <Filter>CApi</Filter>
    </ClCompile>
    <ClCompile Include="D:\FinalTeam\FinalTeam\assimp-master\code\Common\Compression.cpp">
      <Filter>Common</Filter>
    </ClCompile>
    <ClCompile Include="D:\FinalTeam\FinalTeam\assimp-master\code\Common\BaseImporter.cpp">
      <Filter>Common</Filter>
    </ClCompile>
    <ClCompile Include="D:\FinalTeam\FinalTeam\assimp-master\code\Common\BaseProcess.cpp">
      <Filter>Common</Filter>
    </ClCompile>
    <ClCompile Include="D:\FinalTeam\FinalTeam\assimp-master\code\Common\PostStepRegistry.cpp">
      <Filter>Common</Filter>
    </ClCompile>
    <ClCompile Include="D:\FinalTeam\FinalTeam\assimp-master\code\Common\ImporterRegistry.cpp">
      <Filter>Common</Filter>
    </ClCompile>
    <ClCompile Include="D:\FinalTeam\FinalTeam\assimp-master\code\Common\DefaultIOStream.cpp">
      <Filter>Common</Filter>
    </ClCompile>
    <ClCompile Include="D:\FinalTeam\FinalTeam\assimp-master\code\Common\IOSystem.cpp">
      <Filter>Common</Filter>
    </ClCompile>
    <ClCompile Include="D:\FinalTeam\FinalTeam\assimp-master\code\Common\DefaultIOSystem.cpp">
      <Filter>Common</Filter>
    </ClCompile>
    <ClCompile Include="D:\FinalTeam\FinalTeam\assimp-master\code\Common\ZipArchiveIOSystem.cpp">
      <Filter>Common</Filter>
    </ClCompile>
    <ClCompile Include="D:\FinalTeam\FinalTeam\assimp-master\code\Common\Importer.cpp">
      <Filter>Common</Filter>
    </ClCompile>
    <ClCompile Include="D:\FinalTeam\FinalTeam\assimp-master\code\Common\SGSpatialSort.cpp">
      <Filter>Common</Filter>
    </ClCompile>
    <ClCompile Include="D:\FinalTeam\FinalTeam\assimp-master\code\Common\VertexTriangleAdjacency.cpp">
      <Filter>Common</Filter>
    </ClCompile>
    <ClCompile Include="D:\FinalTeam\FinalTeam\assimp-master\code\Common\SpatialSort.cpp">
      <Filter>Common</Filter>
    </ClCompile>
    <ClCompile Include="D:\FinalTeam\FinalTeam\assimp-master\code\Common\SceneCombiner.cpp">
      <Filter>Common</Filter>
    </ClCompile>
    <ClCompile Include="D:\FinalTeam\FinalTeam\assimp-master\code\Common\ScenePreprocessor.cpp">
      <Filter>Common</Filter>
    </ClCompile>
    <ClCompile Include="D:\FinalTeam\FinalTeam\assimp-master\code\Common\SkeletonMeshBuilder.cpp">
      <Filter>Common</Filter>
    </ClCompile>
    <ClCompile Include="D:\FinalTeam\FinalTeam\assimp-master\code\Common\StandardShapes.cpp">
      <Filter>Common</Filter>
    </ClCompile>
    <ClCompile Include="D:\FinalTeam\FinalTeam\assimp-master\code\Common\TargetAnimation.cpp">
      <Filter>Common</Filter>
    </ClCompile>
    <ClCompile Include="D:\FinalTeam\FinalTeam\assimp-master\code\Common\RemoveComments.cpp">
      <Filter>Common</Filter>
    </ClCompile>
    <ClCompile Include="D:\FinalTeam\FinalTeam\assimp-master\code\Common\Subdivision.cpp">
      <Filter>Common</Filter>
    </ClCompile>
    <ClCompile Include="D:\FinalTeam\FinalTeam\assimp-master\code\Common\scene.cpp">
      <Filter>Common</Filter>
    </ClCompile>
    <ClCompile Include="D:\FinalTeam\FinalTeam\assimp-master\code\Common\Bitmap.cpp">
      <Filter>Common</Filter>
    </ClCompile>
    <ClCompile Include="D:\FinalTeam\FinalTeam\assimp-master\code\Common\Version.cpp">
      <Filter>Common</Filter>
    </ClCompile>
    <ClCompile Include="D:\FinalTeam\FinalTeam\assimp-master\code\Common\CreateAnimMesh.cpp">
      <Filter>Common</Filter>
    </ClCompile>
    <ClCompile Include="D:\FinalTeam\FinalTeam\assimp-master\code\Common\simd.cpp">
      <Filter>Common</Filter>
    </ClCompile>
    <ClCompile Include="D:\FinalTeam\FinalTeam\assimp-master\code\Common\material.cpp">
      <Filter>Common</Filter>
    </ClCompile>
    <ClCompile Include="D:\FinalTeam\FinalTeam\assimp-master\code\Common\AssertHandler.cpp">
      <Filter>Common</Filter>
    </ClCompile>
    <ClCompile Include="D:\FinalTeam\FinalTeam\assimp-master\code\Common\Exceptional.cpp">
      <Filter>Common</Filter>
    </ClCompile>
    <ClCompile Include="D:\FinalTeam\FinalTeam\assimp-master\code\Common\Base64.cpp">
      <Filter>Common</Filter>
    </ClCompile>
    <ClCompile Include="D:\FinalTeam\FinalTeam\assimp-master\code\Common\DefaultLogger.cpp">
      <Filter>Logging</Filter>
    </ClCompile>
    <ClCompile Include="D:\FinalTeam\FinalTeam\assimp-master\code\Common\Exporter.cpp">
      <Filter>Exporter</Filter>
    </ClCompile>
    <ClCompile Include="D:\FinalTeam\FinalTeam\assimp-master\code\CApi\AssimpCExport.cpp">
      <Filter>Exporter</Filter>
    </ClCompile>
    <ClCompile Include="D:\FinalTeam\FinalTeam\assimp-master\code\PostProcessing\CalcTangentsProcess.cpp">
      <Filter>PostProcessing</Filter>
    </ClCompile>
    <ClCompile Include="D:\FinalTeam\FinalTeam\assimp-master\code\PostProcessing\ComputeUVMappingProcess.cpp">
      <Filter>PostProcessing</Filter>
    </ClCompile>
    <ClCompile Include="D:\FinalTeam\FinalTeam\assimp-master\code\PostProcessing\ConvertToLHProcess.cpp">
      <Filter>PostProcessing</Filter>
    </ClCompile>
    <ClCompile Include="D:\FinalTeam\FinalTeam\assimp-master\code\PostProcessing\EmbedTexturesProcess.cpp">
      <Filter>PostProcessing</Filter>
    </ClCompile>
    <ClCompile Include="D:\FinalTeam\FinalTeam\assimp-master\code\PostProcessing\FindDegenerates.cpp">
      <Filter>PostProcessing</Filter>
    </ClCompile>
    <ClCompile Include="D:\FinalTeam\FinalTeam\assimp-master\code\PostProcessing\FindInstancesProcess.cpp">
      <Filter>PostProcessing</Filter>
    </ClCompile>
    <ClCompile Include="D:\FinalTeam\FinalTeam\assimp-master\code\PostProcessing\FindInvalidDataProcess.cpp">
      <Filter>PostProcessing</Filter>
    </ClCompile>
    <ClCompile Include="D:\FinalTeam\FinalTeam\assimp-master\code\PostProcessing\FixNormalsStep.cpp">
      <Filter>PostProcessing</Filter>
    </ClCompile>
    <ClCompile Include="D:\FinalTeam\FinalTeam\assimp-master\code\PostProcessing\DropFaceNormalsProcess.cpp">
      <Filter>PostProcessing</Filter>
    </ClCompile>
    <ClCompile Include="D:\FinalTeam\FinalTeam\assimp-master\code\PostProcessing\GenFaceNormalsProcess.cpp">
      <Filter>PostProcessing</Filter>
    </ClCompile>
    <ClCompile Include="D:\FinalTeam\FinalTeam\assimp-master\code\PostProcessing\GenVertexNormalsProcess.cpp">
      <Filter>PostProcessing</Filter>
    </ClCompile>
    <ClCompile Include="D:\FinalTeam\FinalTeam\assimp-master\code\PostProcessing\PretransformVertices.cpp">
      <Filter>PostProcessing</Filter>
    </ClCompile>
    <ClCompile Include="D:\FinalTeam\FinalTeam\assimp-master\code\PostProcessing\ImproveCacheLocality.cpp">
      <Filter>PostProcessing</Filter>
    </ClCompile>
    <ClCompile Include="D:\FinalTeam\FinalTeam\assimp-master\code\PostProcessing\JoinVerticesProcess.cpp">
      <Filter>PostProcessing</Filter>
    </ClCompile>
    <ClCompile Include="D:\FinalTeam\FinalTeam\assimp-master\code\PostProcessing\LimitBoneWeightsProcess.cpp">
      <Filter>PostProcessing</Filter>
    </ClCompile>
    <ClCompile Include="D:\FinalTeam\FinalTeam\assimp-master\code\PostProcessing\RemoveRedundantMaterials.cpp">
      <Filter>PostProcessing</Filter>
    </ClCompile>
    <ClCompile Include="D:\FinalTeam\FinalTeam\assimp-master\code\PostProcessing\RemoveVCProcess.cpp">
      <Filter>PostProcessing</Filter>
    </ClCompile>
    <ClCompile Include="D:\FinalTeam\FinalTeam\assimp-master\code\PostProcessing\SortByPTypeProcess.cpp">
      <Filter>PostProcessing</Filter>
    </ClCompile>
    <ClCompile Include="D:\FinalTeam\FinalTeam\assimp-master\code\PostProcessing\SplitLargeMeshes.cpp">
      <Filter>PostProcessing</Filter>
    </ClCompile>
    <ClCompile Include="D:\FinalTeam\FinalTeam\assimp-master\code\PostProcessing\TextureTransform.cpp">
      <Filter>PostProcessing</Filter>
    </ClCompile>
    <ClCompile Include="D:\FinalTeam\FinalTeam\assimp-master\code\PostProcessing\TriangulateProcess.cpp">
      <Filter>PostProcessing</Filter>
    </ClCompile>
    <ClCompile Include="D:\FinalTeam\FinalTeam\assimp-master\code\PostProcessing\ValidateDataStructure.cpp">
      <Filter>PostProcessing</Filter>
    </ClCompile>
    <ClCompile Include="D:\FinalTeam\FinalTeam\assimp-master\code\PostProcessing\OptimizeGraph.cpp">
      <Filter>PostProcessing</Filter>
    </ClCompile>
    <ClCompile Include="D:\FinalTeam\FinalTeam\assimp-master\code\PostProcessing\OptimizeMeshes.cpp">
      <Filter>PostProcessing</Filter>
    </ClCompile>
    <ClCompile Include="D:\FinalTeam\FinalTeam\assimp-master\code\PostProcessing\DeboneProcess.cpp">
      <Filter>PostProcessing</Filter>
    </ClCompile>
    <ClCompile Include="D:\FinalTeam\FinalTeam\assimp-master\code\PostProcessing\ProcessHelper.cpp">
      <Filter>PostProcessing</Filter>
    </ClCompile>
    <ClCompile Include="D:\FinalTeam\FinalTeam\assimp-master\code\PostProcessing\MakeVerboseFormat.cpp">
      <Filter>PostProcessing</Filter>
    </ClCompile>
    <ClCompile Include="D:\FinalTeam\FinalTeam\assimp-master\code\PostProcessing\ScaleProcess.cpp">
      <Filter>PostProcessing</Filter>
    </ClCompile>
    <ClCompile Include="D:\FinalTeam\FinalTeam\assimp-master\code\PostProcessing\ArmaturePopulate.cpp">
      <Filter>PostProcessing</Filter>
    </ClCompile>
    <ClCompile Include="D:\FinalTeam\FinalTeam\assimp-master\code\PostProcessing\GenBoundingBoxesProcess.cpp">
      <Filter>PostProcessing</Filter>
    </ClCompile>
    <ClCompile Include="D:\FinalTeam\FinalTeam\assimp-master\code\PostProcessing\SplitByBoneCountProcess.cpp">
      <Filter>PostProcessing</Filter>
    </ClCompile>
    <ClCompile Include="D:\FinalTeam\FinalTeam\assimp-master\code\Material\MaterialSystem.cpp">
      <Filter>MaterialSystem</Filter>
    </ClCompile>
    <ClCompile Include="D:\FinalTeam\FinalTeam\assimp-master\code\AssetLib\STEPParser\STEPFileReader.cpp">
      <Filter>STEPParser</Filter>
    </ClCompile>
    <ClCompile Include="D:\FinalTeam\FinalTeam\assimp-master\code\AssetLib\STEPParser\STEPFileEncoding.cpp">
      <Filter>STEPParser</Filter>
    </ClCompile>
    <ClCompile Include="D:\FinalTeam\FinalTeam\assimp-master\code\AssetLib\AMF\AMFImporter.cpp">
      <Filter>AssetLib\AMF</Filter>
    </ClCompile>
    <ClCompile Include="D:\FinalTeam\FinalTeam\assimp-master\code\AssetLib\AMF\AMFImporter_Geometry.cpp">
      <Filter>AssetLib\AMF</Filter>
    </ClCompile>
    <ClCompile Include="D:\FinalTeam\FinalTeam\assimp-master\code\AssetLib\AMF\AMFImporter_Material.cpp">
      <Filter>AssetLib\AMF</Filter>
    </ClCompile>
    <ClCompile Include="D:\FinalTeam\FinalTeam\assimp-master\code\AssetLib\AMF\AMFImporter_Postprocess.cpp">
      <Filter>AssetLib\AMF</Filter>
    </ClCompile>
    <ClCompile Include="D:\FinalTeam\FinalTeam\assimp-master\code\AssetLib\3DS\3DSConverter.cpp">
      <Filter>AssetLib\3DS</Filter>
    </ClCompile>
    <ClCompile Include="D:\FinalTeam\FinalTeam\assimp-master\code\AssetLib\3DS\3DSLoader.cpp">
      <Filter>AssetLib\3DS</Filter>
    </ClCompile>
    <ClCompile Include="D:\FinalTeam\FinalTeam\assimp-master\code\AssetLib\AC\ACLoader.cpp">
      <Filter>AssetLib\AC</Filter>
    </ClCompile>
    <ClCompile Include="D:\FinalTeam\FinalTeam\assimp-master\code\AssetLib\ASE\ASELoader.cpp">
      <Filter>AssetLib\ASE</Filter>
    </ClCompile>
    <ClCompile Include="D:\FinalTeam\FinalTeam\assimp-master\code\AssetLib\ASE\ASEParser.cpp">
      <Filter>AssetLib\ASE</Filter>
    </ClCompile>
    <ClCompile Include="D:\FinalTeam\FinalTeam\assimp-master\code\AssetLib\Assbin\AssbinLoader.cpp">
      <Filter>AssetLib\ASSBIN</Filter>
    </ClCompile>
    <ClCompile Include="D:\FinalTeam\FinalTeam\assimp-master\code\AssetLib\B3D\B3DImporter.cpp">
      <Filter>AssetLib\B3D</Filter>
    </ClCompile>
    <ClCompile Include="D:\FinalTeam\FinalTeam\assimp-master\code\AssetLib\BVH\BVHLoader.cpp">
      <Filter>AssetLib\BVH</Filter>
    </ClCompile>
    <ClCompile Include="D:\FinalTeam\FinalTeam\assimp-master\code\AssetLib\Collada\ColladaHelper.cpp">
      <Filter>AssetLib\COLLADA</Filter>
    </ClCompile>
    <ClCompile Include="D:\FinalTeam\FinalTeam\assimp-master\code\AssetLib\Collada\ColladaLoader.cpp">
      <Filter>AssetLib\COLLADA</Filter>
    </ClCompile>
    <ClCompile Include="D:\FinalTeam\FinalTeam\assimp-master\code\AssetLib\Collada\ColladaParser.cpp">
      <Filter>AssetLib\COLLADA</Filter>
    </ClCompile>
    <ClCompile Include="D:\FinalTeam\FinalTeam\assimp-master\code\AssetLib\DXF\DXFLoader.cpp">
      <Filter>AssetLib\DXF</Filter>
    </ClCompile>
    <ClCompile Include="D:\FinalTeam\FinalTeam\assimp-master\code\AssetLib\CSM\CSMLoader.cpp">
      <Filter>AssetLib\CSM</Filter>
    </ClCompile>
    <ClCompile Include="D:\FinalTeam\FinalTeam\assimp-master\code\AssetLib\HMP\HMPLoader.cpp">
      <Filter>AssetLib\HMP</Filter>
    </ClCompile>
    <ClCompile Include="D:\FinalTeam\FinalTeam\assimp-master\code\AssetLib\Irr\IRRMeshLoader.cpp">
      <Filter>AssetLib\IRRMESH</Filter>
    </ClCompile>
    <ClCompile Include="D:\FinalTeam\FinalTeam\assimp-master\code\AssetLib\Irr\IRRShared.cpp">
      <Filter>AssetLib\IRRMESH</Filter>
    </ClCompile>
    <ClCompile Include="D:\FinalTeam\FinalTeam\assimp-master\code\AssetLib\IQM\IQMImporter.cpp">
      <Filter>AssetLib\IQM</Filter>
    </ClCompile>
    <ClCompile Include="D:\FinalTeam\FinalTeam\assimp-master\code\AssetLib\Irr\IRRLoader.cpp">
      <Filter>AssetLib\IRR</Filter>
    </ClCompile>
    <ClCompile Include="D:\FinalTeam\FinalTeam\assimp-master\code\AssetLib\LWO\LWOAnimation.cpp">
      <Filter>AssetLib\LWO</Filter>
    </ClCompile>
    <ClCompile Include="D:\FinalTeam\FinalTeam\assimp-master\code\AssetLib\LWO\LWOBLoader.cpp">
      <Filter>AssetLib\LWO</Filter>
    </ClCompile>
    <ClCompile Include="D:\FinalTeam\FinalTeam\assimp-master\code\AssetLib\LWO\LWOLoader.cpp">
      <Filter>AssetLib\LWO</Filter>
    </ClCompile>
    <ClCompile Include="D:\FinalTeam\FinalTeam\assimp-master\code\AssetLib\LWO\LWOMaterial.cpp">
      <Filter>AssetLib\LWO</Filter>
    </ClCompile>
    <ClCompile Include="D:\FinalTeam\FinalTeam\assimp-master\code\AssetLib\LWS\LWSLoader.cpp">
      <Filter>AssetLib\LWS</Filter>
    </ClCompile>
    <ClCompile Include="D:\FinalTeam\FinalTeam\assimp-master\code\AssetLib\M3D\M3DImporter.cpp">
      <Filter>AssetLib\M3D</Filter>
    </ClCompile>
    <ClCompile Include="D:\FinalTeam\FinalTeam\assimp-master\code\AssetLib\M3D\M3DWrapper.cpp">
      <Filter>AssetLib\M3D</Filter>
    </ClCompile>
    <ClCompile Include="D:\FinalTeam\FinalTeam\assimp-master\code\AssetLib\MD2\MD2Loader.cpp">
      <Filter>AssetLib\MD2</Filter>
    </ClCompile>
    <ClCompile Include="D:\FinalTeam\FinalTeam\assimp-master\code\AssetLib\MD3\MD3Loader.cpp">
      <Filter>AssetLib\MD3</Filter>
    </ClCompile>
    <ClCompile Include="D:\FinalTeam\FinalTeam\assimp-master\code\AssetLib\MD5\MD5Loader.cpp">
      <Filter>AssetLib\MD5</Filter>
    </ClCompile>
    <ClCompile Include="D:\FinalTeam\FinalTeam\assimp-master\code\AssetLib\MD5\MD5Parser.cpp">
      <Filter>AssetLib\MD5</Filter>
    </ClCompile>
    <ClCompile Include="D:\FinalTeam\FinalTeam\assimp-master\code\AssetLib\MDC\MDCLoader.cpp">
      <Filter>AssetLib\MDC</Filter>
    </ClCompile>
    <ClCompile Include="D:\FinalTeam\FinalTeam\assimp-master\code\AssetLib\MDL\MDLLoader.cpp">
      <Filter>AssetLib\MDL</Filter>
    </ClCompile>
    <ClCompile Include="D:\FinalTeam\FinalTeam\assimp-master\code\AssetLib\MDL\MDLMaterialLoader.cpp">
      <Filter>AssetLib\MDL</Filter>
    </ClCompile>
    <ClCompile Include="D:\FinalTeam\FinalTeam\assimp-master\code\AssetLib\MDL\HalfLife\HL1MDLLoader.cpp">
      <Filter>AssetLib\MDL</Filter>
    </ClCompile>
    <ClCompile Include="D:\FinalTeam\FinalTeam\assimp-master\code\AssetLib\MDL\HalfLife\UniqueNameGenerator.cpp">
      <Filter>AssetLib\MDL</Filter>
    </ClCompile>
    <ClCompile Include="D:\FinalTeam\FinalTeam\assimp-master\code\AssetLib\NFF\NFFLoader.cpp">
      <Filter>AssetLib\NFF</Filter>
    </ClCompile>
    <ClCompile Include="D:\FinalTeam\FinalTeam\assimp-master\code\AssetLib\NDO\NDOLoader.cpp">
      <Filter>AssetLib\NDO</Filter>
    </ClCompile>
    <ClCompile Include="D:\FinalTeam\FinalTeam\assimp-master\code\AssetLib\OFF\OFFLoader.cpp">
      <Filter>AssetLib\OFF</Filter>
    </ClCompile>
    <ClCompile Include="D:\FinalTeam\FinalTeam\assimp-master\code\AssetLib\Obj\ObjFileImporter.cpp">
      <Filter>AssetLib\OBJ</Filter>
    </ClCompile>
    <ClCompile Include="D:\FinalTeam\FinalTeam\assimp-master\code\AssetLib\Obj\ObjFileMtlImporter.cpp">
      <Filter>AssetLib\OBJ</Filter>
    </ClCompile>
    <ClCompile Include="D:\FinalTeam\FinalTeam\assimp-master\code\AssetLib\Obj\ObjFileParser.cpp">
      <Filter>AssetLib\OBJ</Filter>
    </ClCompile>
    <ClCompile Include="D:\FinalTeam\FinalTeam\assimp-master\code\AssetLib\Ogre\OgreImporter.cpp">
      <Filter>AssetLib\OGRE</Filter>
    </ClCompile>
    <ClCompile Include="D:\FinalTeam\FinalTeam\assimp-master\code\AssetLib\Ogre\OgreStructs.cpp">
      <Filter>AssetLib\OGRE</Filter>
    </ClCompile>
    <ClCompile Include="D:\FinalTeam\FinalTeam\assimp-master\code\AssetLib\Ogre\OgreBinarySerializer.cpp">
      <Filter>AssetLib\OGRE</Filter>
    </ClCompile>
    <ClCompile Include="D:\FinalTeam\FinalTeam\assimp-master\code\AssetLib\Ogre\OgreXmlSerializer.cpp">
      <Filter>AssetLib\OGRE</Filter>
    </ClCompile>
    <ClCompile Include="D:\FinalTeam\FinalTeam\assimp-master\code\AssetLib\Ogre\OgreMaterial.cpp">
      <Filter>AssetLib\OGRE</Filter>
    </ClCompile>
    <ClCompile Include="D:\FinalTeam\FinalTeam\assimp-master\code\AssetLib\OpenGEX\OpenGEXImporter.cpp">
      <Filter>AssetLib\OPENGEX</Filter>
    </ClCompile>
    <ClCompile Include="D:\FinalTeam\FinalTeam\assimp-master\code\AssetLib\Ply\PlyLoader.cpp">
      <Filter>AssetLib\PLY</Filter>
    </ClCompile>
    <ClCompile Include="D:\FinalTeam\FinalTeam\assimp-master\code\AssetLib\Ply\PlyParser.cpp">
      <Filter>AssetLib\PLY</Filter>
    </ClCompile>
    <ClCompile Include="D:\FinalTeam\FinalTeam\assimp-master\code\AssetLib\MS3D\MS3DLoader.cpp">
      <Filter>AssetLib\MS3D</Filter>
    </ClCompile>
    <ClCompile Include="D:\FinalTeam\FinalTeam\assimp-master\code\AssetLib\COB\COBLoader.cpp">
      <Filter>AssetLib\COB</Filter>
    </ClCompile>
    <ClCompile Include="D:\FinalTeam\FinalTeam\assimp-master\code\AssetLib\Blender\BlenderLoader.cpp">
      <Filter>AssetLib\BLEND</Filter>
    </ClCompile>
    <ClCompile Include="D:\FinalTeam\FinalTeam\assimp-master\code\AssetLib\Blender\BlenderDNA.cpp">
      <Filter>AssetLib\BLEND</Filter>
    </ClCompile>
    <ClCompile Include="D:\FinalTeam\FinalTeam\assimp-master\code\AssetLib\Blender\BlenderScene.cpp">
      <Filter>AssetLib\BLEND</Filter>
    </ClCompile>
    <ClCompile Include="D:\FinalTeam\FinalTeam\assimp-master\code\AssetLib\Blender\BlenderModifier.cpp">
      <Filter>AssetLib\BLEND</Filter>
    </ClCompile>
    <ClCompile Include="D:\FinalTeam\FinalTeam\assimp-master\code\AssetLib\Blender\BlenderBMesh.cpp">
      <Filter>AssetLib\BLEND</Filter>
    </ClCompile>
    <ClCompile Include="D:\FinalTeam\FinalTeam\assimp-master\code\AssetLib\Blender\BlenderTessellator.cpp">
      <Filter>AssetLib\BLEND</Filter>
    </ClCompile>
    <ClCompile Include="D:\FinalTeam\FinalTeam\assimp-master\code\AssetLib\Blender\BlenderCustomData.cpp">
      <Filter>AssetLib\BLEND</Filter>
    </ClCompile>
    <ClCompile Include="D:\FinalTeam\FinalTeam\assimp-master\code\AssetLib\IFC\IFCLoader.cpp">
      <Filter>AssetLib\IFC</Filter>
    </ClCompile>
    <ClCompile Include="D:\FinalTeam\FinalTeam\assimp-master\code\AssetLib\IFC\IFCReaderGen1_2x3.cpp">
      <Filter>AssetLib\IFC</Filter>
    </ClCompile>
    <ClCompile Include="D:\FinalTeam\FinalTeam\assimp-master\code\AssetLib\IFC\IFCReaderGen2_2x3.cpp">
      <Filter>AssetLib\IFC</Filter>
    </ClCompile>
    <ClCompile Include="D:\FinalTeam\FinalTeam\assimp-master\code\AssetLib\IFC\IFCUtil.cpp">
      <Filter>AssetLib\IFC</Filter>
    </ClCompile>
    <ClCompile Include="D:\FinalTeam\FinalTeam\assimp-master\code\AssetLib\IFC\IFCGeometry.cpp">
      <Filter>AssetLib\IFC</Filter>
    </ClCompile>
    <ClCompile Include="D:\FinalTeam\FinalTeam\assimp-master\code\AssetLib\IFC\IFCMaterial.cpp">
      <Filter>AssetLib\IFC</Filter>
    </ClCompile>
    <ClCompile Include="D:\FinalTeam\FinalTeam\assimp-master\code\AssetLib\IFC\IFCProfile.cpp">
      <Filter>AssetLib\IFC</Filter>
    </ClCompile>
    <ClCompile Include="D:\FinalTeam\FinalTeam\assimp-master\code\AssetLib\IFC\IFCCurve.cpp">
      <Filter>AssetLib\IFC</Filter>
    </ClCompile>
    <ClCompile Include="D:\FinalTeam\FinalTeam\assimp-master\code\AssetLib\IFC\IFCBoolean.cpp">
      <Filter>AssetLib\IFC</Filter>
    </ClCompile>
    <ClCompile Include="D:\FinalTeam\FinalTeam\assimp-master\code\AssetLib\IFC\IFCOpenings.cpp">
      <Filter>AssetLib\IFC</Filter>
    </ClCompile>
    <ClCompile Include="D:\FinalTeam\FinalTeam\assimp-master\code\AssetLib\XGL\XGLLoader.cpp">
      <Filter>AssetLib\XGL</Filter>
    </ClCompile>
    <ClCompile Include="D:\FinalTeam\FinalTeam\assimp-master\code\AssetLib\FBX\FBXImporter.cpp">
      <Filter>AssetLib\FBX</Filter>
    </ClCompile>
    <ClCompile Include="D:\FinalTeam\FinalTeam\assimp-master\code\AssetLib\FBX\FBXParser.cpp">
      <Filter>AssetLib\FBX</Filter>
    </ClCompile>
    <ClCompile Include="D:\FinalTeam\FinalTeam\assimp-master\code\AssetLib\FBX\FBXTokenizer.cpp">
      <Filter>AssetLib\FBX</Filter>
    </ClCompile>
    <ClCompile Include="D:\FinalTeam\FinalTeam\assimp-master\code\AssetLib\FBX\FBXConverter.cpp">
      <Filter>AssetLib\FBX</Filter>
    </ClCompile>
    <ClCompile Include="D:\FinalTeam\FinalTeam\assimp-master\code\AssetLib\FBX\FBXUtil.cpp">
      <Filter>AssetLib\FBX</Filter>
    </ClCompile>
    <ClCompile Include="D:\FinalTeam\FinalTeam\assimp-master\code\AssetLib\FBX\FBXDocument.cpp">
      <Filter>AssetLib\FBX</Filter>
    </ClCompile>
    <ClCompile Include="D:\FinalTeam\FinalTeam\assimp-master\code\AssetLib\FBX\FBXProperties.cpp">
      <Filter>AssetLib\FBX</Filter>
    </ClCompile>
    <ClCompile Include="D:\FinalTeam\FinalTeam\assimp-master\code\AssetLib\FBX\FBXMeshGeometry.cpp">
      <Filter>AssetLib\FBX</Filter>
    </ClCompile>
    <ClCompile Include="D:\FinalTeam\FinalTeam\assimp-master\code\AssetLib\FBX\FBXMaterial.cpp">
      <Filter>AssetLib\FBX</Filter>
    </ClCompile>
    <ClCompile Include="D:\FinalTeam\FinalTeam\assimp-master\code\AssetLib\FBX\FBXModel.cpp">
      <Filter>AssetLib\FBX</Filter>
    </ClCompile>
    <ClCompile Include="D:\FinalTeam\FinalTeam\assimp-master\code\AssetLib\FBX\FBXAnimation.cpp">
      <Filter>AssetLib\FBX</Filter>
    </ClCompile>
    <ClCompile Include="D:\FinalTeam\FinalTeam\assimp-master\code\AssetLib\FBX\FBXNodeAttribute.cpp">
      <Filter>AssetLib\FBX</Filter>
    </ClCompile>
    <ClCompile Include="D:\FinalTeam\FinalTeam\assimp-master\code\AssetLib\FBX\FBXDeformer.cpp">
      <Filter>AssetLib\FBX</Filter>
    </ClCompile>
    <ClCompile Include="D:\FinalTeam\FinalTeam\assimp-master\code\AssetLib\FBX\FBXBinaryTokenizer.cpp">
      <Filter>AssetLib\FBX</Filter>
    </ClCompile>
    <ClCompile Include="D:\FinalTeam\FinalTeam\assimp-master\code\AssetLib\FBX\FBXDocumentUtil.cpp">
      <Filter>AssetLib\FBX</Filter>
    </ClCompile>
    <ClCompile Include="D:\FinalTeam\FinalTeam\assimp-master\code\AssetLib\Q3D\Q3DLoader.cpp">
      <Filter>AssetLib\Q3D</Filter>
    </ClCompile>
    <ClCompile Include="D:\FinalTeam\FinalTeam\assimp-master\code\AssetLib\Q3BSP\Q3BSPFileParser.cpp">
      <Filter>AssetLib\Q3BSP</Filter>
    </ClCompile>
    <ClCompile Include="D:\FinalTeam\FinalTeam\assimp-master\code\AssetLib\Q3BSP\Q3BSPFileImporter.cpp">
      <Filter>AssetLib\Q3BSP</Filter>
    </ClCompile>
    <ClCompile Include="D:\FinalTeam\FinalTeam\assimp-master\code\AssetLib\Raw\RawLoader.cpp">
      <Filter>AssetLib\RAW</Filter>
    </ClCompile>
    <ClCompile Include="D:\FinalTeam\FinalTeam\assimp-master\code\AssetLib\SIB\SIBImporter.cpp">
      <Filter>AssetLib\SIB</Filter>
    </ClCompile>
    <ClCompile Include="D:\FinalTeam\FinalTeam\assimp-master\code\AssetLib\SMD\SMDLoader.cpp">
      <Filter>AssetLib\SMD</Filter>
    </ClCompile>
    <ClCompile Include="D:\FinalTeam\FinalTeam\assimp-master\code\AssetLib\STL\STLLoader.cpp">
      <Filter>AssetLib\STL</Filter>
    </ClCompile>
    <ClCompile Include="D:\FinalTeam\FinalTeam\assimp-master\code\AssetLib\Terragen\TerragenLoader.cpp">
      <Filter>AssetLib\TERRAGEN</Filter>
    </ClCompile>
    <ClCompile Include="D:\FinalTeam\FinalTeam\assimp-master\code\AssetLib\Unreal\UnrealLoader.cpp">
      <Filter>AssetLib\3D</Filter>
    </ClCompile>
    <ClCompile Include="D:\FinalTeam\FinalTeam\assimp-master\code\AssetLib\X\XFileImporter.cpp">
      <Filter>AssetLib\X</Filter>
    </ClCompile>
    <ClCompile Include="D:\FinalTeam\FinalTeam\assimp-master\code\AssetLib\X\XFileParser.cpp">
      <Filter>AssetLib\X</Filter>
    </ClCompile>
    <ClCompile Include="D:\FinalTeam\FinalTeam\assimp-master\code\AssetLib\X3D\X3DImporter.cpp">
      <Filter>AssetLib\X3D</Filter>
    </ClCompile>
    <ClCompile Include="D:\FinalTeam\FinalTeam\assimp-master\code\AssetLib\X3D\X3DImporter_Geometry2D.cpp">
      <Filter>AssetLib\X3D</Filter>
    </ClCompile>
    <ClCompile Include="D:\FinalTeam\FinalTeam\assimp-master\code\AssetLib\X3D\X3DImporter_Geometry3D.cpp">
      <Filter>AssetLib\X3D</Filter>
    </ClCompile>
    <ClCompile Include="D:\FinalTeam\FinalTeam\assimp-master\code\AssetLib\X3D\X3DImporter_Group.cpp">
      <Filter>AssetLib\X3D</Filter>
    </ClCompile>
    <ClCompile Include="D:\FinalTeam\FinalTeam\assimp-master\code\AssetLib\X3D\X3DImporter_Light.cpp">
      <Filter>AssetLib\X3D</Filter>
    </ClCompile>
    <ClCompile Include="D:\FinalTeam\FinalTeam\assimp-master\code\AssetLib\X3D\X3DImporter_Metadata.cpp">
      <Filter>AssetLib\X3D</Filter>
    </ClCompile>
    <ClCompile Include="D:\FinalTeam\FinalTeam\assimp-master\code\AssetLib\X3D\X3DImporter_Networking.cpp">
      <Filter>AssetLib\X3D</Filter>
    </ClCompile>
    <ClCompile Include="D:\FinalTeam\FinalTeam\assimp-master\code\AssetLib\X3D\X3DImporter_Postprocess.cpp">
      <Filter>AssetLib\X3D</Filter>
    </ClCompile>
    <ClCompile Include="D:\FinalTeam\FinalTeam\assimp-master\code\AssetLib\X3D\X3DImporter_Rendering.cpp">
      <Filter>AssetLib\X3D</Filter>
    </ClCompile>
    <ClCompile Include="D:\FinalTeam\FinalTeam\assimp-master\code\AssetLib\X3D\X3DImporter_Shape.cpp">
      <Filter>AssetLib\X3D</Filter>
    </ClCompile>
    <ClCompile Include="D:\FinalTeam\FinalTeam\assimp-master\code\AssetLib\X3D\X3DImporter_Texturing.cpp">
      <Filter>AssetLib\X3D</Filter>
    </ClCompile>
    <ClCompile Include="D:\FinalTeam\FinalTeam\assimp-master\code\AssetLib\X3D\X3DGeoHelper.cpp">
      <Filter>AssetLib\X3D</Filter>
    </ClCompile>
    <ClCompile Include="D:\FinalTeam\FinalTeam\assimp-master\code\AssetLib\X3D\X3DXmlHelper.cpp">
      <Filter>AssetLib\X3D</Filter>
    </ClCompile>
    <ClCompile Include="D:\FinalTeam\FinalTeam\assimp-master\code\AssetLib\glTF\glTFCommon.cpp">
      <Filter>AssetLib\GLTF</Filter>
    </ClCompile>
    <ClCompile Include="D:\FinalTeam\FinalTeam\assimp-master\code\AssetLib\glTF\glTFImporter.cpp">
      <Filter>AssetLib\GLTF</Filter>
    </ClCompile>
    <ClCompile Include="D:\FinalTeam\FinalTeam\assimp-master\code\AssetLib\glTF2\glTF2Importer.cpp">
      <Filter>AssetLib\GLTF</Filter>
    </ClCompile>
    <ClCompile Include="D:\FinalTeam\FinalTeam\assimp-master\code\AssetLib\3MF\XmlSerializer.cpp">
      <Filter>AssetLib\3MF</Filter>
    </ClCompile>
    <ClCompile Include="D:\FinalTeam\FinalTeam\assimp-master\code\AssetLib\3MF\D3MFImporter.cpp">
      <Filter>AssetLib\3MF</Filter>
    </ClCompile>
    <ClCompile Include="D:\FinalTeam\FinalTeam\assimp-master\code\AssetLib\3MF\D3MFOpcPackage.cpp">
      <Filter>AssetLib\3MF</Filter>
    </ClCompile>
    <ClCompile Include="D:\FinalTeam\FinalTeam\assimp-master\code\AssetLib\MMD\MMDImporter.cpp">
      <Filter>AssetLib\MMD</Filter>
    </ClCompile>
    <ClCompile Include="D:\FinalTeam\FinalTeam\assimp-master\code\AssetLib\MMD\MMDPmxParser.cpp">
      <Filter>AssetLib\MMD</Filter>
    </ClCompile>
    <ClCompile Include="D:\FinalTeam\FinalTeam\assimp-master\code\AssetLib\Obj\ObjExporter.cpp">
      <Filter>AssetLib\OBJ</Filter>
    </ClCompile>
    <ClCompile Include="D:\FinalTeam\FinalTeam\assimp-master\code\AssetLib\OpenGEX\OpenGEXExporter.cpp">
      <Filter>AssetLib\OPENGEX</Filter>
    </ClCompile>
    <ClCompile Include="D:\FinalTeam\FinalTeam\assimp-master\code\AssetLib\Ply\PlyExporter.cpp">
      <Filter>AssetLib\PLY</Filter>
    </ClCompile>
    <ClCompile Include="D:\FinalTeam\FinalTeam\assimp-master\code\AssetLib\3DS\3DSExporter.cpp">
      <Filter>AssetLib\3DS</Filter>
    </ClCompile>
    <ClCompile Include="D:\FinalTeam\FinalTeam\assimp-master\code\AssetLib\Assbin\AssbinExporter.cpp">
      <Filter>AssetLib\ASSBIN</Filter>
    </ClCompile>
    <ClCompile Include="D:\FinalTeam\FinalTeam\assimp-master\code\AssetLib\Assbin\AssbinFileWriter.cpp">
      <Filter>AssetLib\ASSBIN</Filter>
    </ClCompile>
    <ClCompile Include="D:\FinalTeam\FinalTeam\assimp-master\code\AssetLib\Assxml\AssxmlExporter.cpp">
      <Filter>AssetLib\ASSXML</Filter>
    </ClCompile>
    <ClCompile Include="D:\FinalTeam\FinalTeam\assimp-master\code\AssetLib\Assxml\AssxmlFileWriter.cpp">
      <Filter>AssetLib\ASSXML</Filter>
    </ClCompile>
    <ClCompile Include="D:\FinalTeam\FinalTeam\assimp-master\code\AssetLib\M3D\M3DExporter.cpp">
      <Filter>AssetLib\M3D</Filter>
    </ClCompile>
    <ClCompile Include="D:\FinalTeam\FinalTeam\assimp-master\code\AssetLib\Collada\ColladaExporter.cpp">
      <Filter>AssetLib\COLLADA</Filter>
    </ClCompile>
    <ClCompile Include="D:\FinalTeam\FinalTeam\assimp-master\code\AssetLib\FBX\FBXExporter.cpp">
      <Filter>AssetLib\FBX</Filter>
    </ClCompile>
    <ClCompile Include="D:\FinalTeam\FinalTeam\assimp-master\code\AssetLib\FBX\FBXExportNode.cpp">
      <Filter>AssetLib\FBX</Filter>
    </ClCompile>
    <ClCompile Include="D:\FinalTeam\FinalTeam\assimp-master\code\AssetLib\FBX\FBXExportProperty.cpp">
      <Filter>AssetLib\FBX</Filter>
    </ClCompile>
    <ClCompile Include="D:\FinalTeam\FinalTeam\assimp-master\code\AssetLib\STL\STLExporter.cpp">
      <Filter>AssetLib\STL</Filter>
    </ClCompile>
    <ClCompile Include="D:\FinalTeam\FinalTeam\assimp-master\code\AssetLib\X\XFileExporter.cpp">
      <Filter>AssetLib\X</Filter>
    </ClCompile>
    <ClCompile Include="D:\FinalTeam\FinalTeam\assimp-master\code\AssetLib\X3D\X3DExporter.cpp">
      <Filter>AssetLib\X3D</Filter>
    </ClCompile>
    <ClCompile Include="D:\FinalTeam\FinalTeam\assimp-master\code\AssetLib\glTF\glTFExporter.cpp">
      <Filter>AssetLib\GLTF</Filter>
    </ClCompile>
    <ClCompile Include="D:\FinalTeam\FinalTeam\assimp-master\code\AssetLib\glTF2\glTF2Exporter.cpp">
      <Filter>AssetLib\GLTF</Filter>
    </ClCompile>
    <ClCompile Include="D:\FinalTeam\FinalTeam\assimp-master\code\AssetLib\3MF\D3MFExporter.cpp">
      <Filter>AssetLib\3MF</Filter>
    </ClCompile>
    <ClCompile Include="D:\FinalTeam\FinalTeam\assimp-master\code\Pbrt\PbrtExporter.cpp">
      <Filter>AssetLib\PBRT</Filter>
    </ClCompile>
    <ClCompile Include="D:\FinalTeam\FinalTeam\assimp-master\code\AssetLib\Assjson\cencode.c">
      <Filter>AssetLib\ASSJSON</Filter>
    </ClCompile>
    <ClCompile Include="D:\FinalTeam\FinalTeam\assimp-master\code\AssetLib\Assjson\json_exporter.cpp">
      <Filter>AssetLib\ASSJSON</Filter>
    </ClCompile>
    <ClCompile Include="D:\FinalTeam\FinalTeam\assimp-master\code\AssetLib\Assjson\mesh_splitter.cpp">
      <Filter>AssetLib\ASSJSON</Filter>
    </ClCompile>
    <ClCompile Include="D:\FinalTeam\FinalTeam\assimp-master\code\AssetLib\Step\StepExporter.cpp">
      <Filter>AssetLib\STEP</Filter>
    </ClCompile>
    <ClCompile Include="D:\FinalTeam\FinalTeam\assimp-master\contrib\unzip\crypt.c">
      <Filter>Contrib\unzip</Filter>
    </ClCompile>
    <ClCompile Include="D:\FinalTeam\FinalTeam\assimp-master\contrib\unzip\ioapi.c">
      <Filter>Contrib\unzip</Filter>
    </ClCompile>
    <ClCompile Include="D:\FinalTeam\FinalTeam\assimp-master\contrib\unzip\unzip.c">
      <Filter>Contrib\unzip</Filter>
    </ClCompile>
    <ClCompile Include="D:\FinalTeam\FinalTeam\assimp-master\contrib\poly2tri\poly2tri\common\shapes.cc">
      <Filter>Contrib\Poly2Tri</Filter>
    </ClCompile>
    <ClCompile Include="D:\FinalTeam\FinalTeam\assimp-master\contrib\poly2tri\poly2tri\sweep\advancing_front.cc">
      <Filter>Contrib\Poly2Tri</Filter>
    </ClCompile>
    <ClCompile Include="D:\FinalTeam\FinalTeam\assimp-master\contrib\poly2tri\poly2tri\sweep\cdt.cc">
      <Filter>Contrib\Poly2Tri</Filter>
    </ClCompile>
    <ClCompile Include="D:\FinalTeam\FinalTeam\assimp-master\contrib\poly2tri\poly2tri\sweep\sweep.cc">
      <Filter>Contrib\Poly2Tri</Filter>
    </ClCompile>
    <ClCompile Include="D:\FinalTeam\FinalTeam\assimp-master\contrib\poly2tri\poly2tri\sweep\sweep_context.cc">
      <Filter>Contrib\Poly2Tri</Filter>
    </ClCompile>
    <ClCompile Include="D:\FinalTeam\FinalTeam\assimp-master\contrib\clipper\clipper.cpp">
      <Filter>Contrib\Clipper</Filter>
    </ClCompile>
    <ClCompile Include="D:\FinalTeam\FinalTeam\assimp-master\contrib\openddlparser\code\OpenDDLParser.cpp">
      <Filter>Contrib\openddl_parser</Filter>
    </ClCompile>
    <ClCompile Include="D:\FinalTeam\FinalTeam\assimp-master\contrib\openddlparser\code\DDLNode.cpp">
      <Filter>Contrib\openddl_parser</Filter>
    </ClCompile>
    <ClCompile Include="D:\FinalTeam\FinalTeam\assimp-master\contrib\openddlparser\code\OpenDDLCommon.cpp">
      <Filter>Contrib\openddl_parser</Filter>
    </ClCompile>
    <ClCompile Include="D:\FinalTeam\FinalTeam\assimp-master\contrib\openddlparser\code\OpenDDLExport.cpp">
      <Filter>Contrib\openddl_parser</Filter>
    </ClCompile>
    <ClCompile Include="D:\FinalTeam\FinalTeam\assimp-master\contrib\openddlparser\code\Value.cpp">
      <Filter>Contrib\openddl_parser</Filter>
    </ClCompile>
    <ClCompile Include="D:\FinalTeam\FinalTeam\assimp-master\contrib\openddlparser\code\OpenDDLStream.cpp">
      <Filter>Contrib\openddl_parser</Filter>
    </ClCompile>
    <ClCompile Include="D:\FinalTeam\FinalTeam\assimp-master\contrib\Open3DGC\o3dgcArithmeticCodec.cpp">
      <Filter>Contrib\open3dgc</Filter>
    </ClCompile>
    <ClCompile Include="D:\FinalTeam\FinalTeam\assimp-master\contrib\Open3DGC\o3dgcDynamicVectorDecoder.cpp">
      <Filter>Contrib\open3dgc</Filter>
    </ClCompile>
    <ClCompile Include="D:\FinalTeam\FinalTeam\assimp-master\contrib\Open3DGC\o3dgcDynamicVectorEncoder.cpp">
      <Filter>Contrib\open3dgc</Filter>
    </ClCompile>
    <ClCompile Include="D:\FinalTeam\FinalTeam\assimp-master\contrib\Open3DGC\o3dgcTools.cpp">
      <Filter>Contrib\open3dgc</Filter>
    </ClCompile>
    <ClCompile Include="D:\FinalTeam\FinalTeam\assimp-master\contrib\Open3DGC\o3dgcTriangleFans.cpp">
      <Filter>Contrib\open3dgc</Filter>
    </ClCompile>
    <ClCompile Include="D:\FinalTeam\FinalTeam\assimp-master\contrib\zip\src\zip.c">
      <Filter>ziplib</Filter>
    </ClCompile>
  </ItemGroup>
  <ItemGroup>
    <ClInclude Include="D:\FinalTeam\FinalTeam\assimp-master\code\CApi\CInterfaceIOWrapper.h">
      <Filter>CApi</Filter>
    </ClInclude>
    <ClInclude Include="D:\FinalTeam\FinalTeam\assimp-master\code\Common\StbCommon.h">
      <Filter>Common</Filter>
    </ClInclude>
    <ClInclude Include="D:\FinalTeam\FinalTeam\assimp-master\code\Common\Compression.h">
      <Filter>Common</Filter>
    </ClInclude>
    <ClInclude Include="D:\FinalTeam\FinalTeam\assimp-master\code\Common\BaseProcess.h">
      <Filter>Common</Filter>
    </ClInclude>
    <ClInclude Include="D:\FinalTeam\FinalTeam\assimp-master\code\Common\Importer.h">
      <Filter>Common</Filter>
    </ClInclude>
    <ClInclude Include="D:\FinalTeam\FinalTeam\assimp-master\code\Common\ScenePrivate.h">
      <Filter>Common</Filter>
    </ClInclude>
    <ClInclude Include="D:\FinalTeam\FinalTeam\assimp-master\code\Common\DefaultProgressHandler.h">
      <Filter>Common</Filter>
    </ClInclude>
    <ClInclude Include="D:\FinalTeam\FinalTeam\assimp-master\code\Common\PolyTools.h">
      <Filter>Common</Filter>
    </ClInclude>
    <ClInclude Include="D:\FinalTeam\FinalTeam\assimp-master\code\Common\Maybe.h">
      <Filter>Common</Filter>
    </ClInclude>
    <ClInclude Include="D:\FinalTeam\FinalTeam\assimp-master\code\Common\IFF.h">
      <Filter>Common</Filter>
    </ClInclude>
    <ClInclude Include="D:\FinalTeam\FinalTeam\assimp-master\code\Common\VertexTriangleAdjacency.h">
      <Filter>Common</Filter>
    </ClInclude>
    <ClInclude Include="D:\FinalTeam\FinalTeam\assimp-master\code\Common\ScenePreprocessor.h">
      <Filter>Common</Filter>
    </ClInclude>
    <ClInclude Include="D:\FinalTeam\FinalTeam\assimp-master\code\Common\TargetAnimation.h">
      <Filter>Common</Filter>
    </ClInclude>
    <ClInclude Include="D:\FinalTeam\FinalTeam\assimp-master\code\Common\simd.h">
      <Filter>Common</Filter>
    </ClInclude>
    <ClInclude Include="D:\FinalTeam\FinalTeam\assimp-master\include\assimp\DefaultLogger.hpp">
      <Filter>include\assimp</Filter>
    </ClInclude>
    <ClInclude Include="D:\FinalTeam\FinalTeam\assimp-master\include\assimp\LogStream.hpp">
      <Filter>include\assimp</Filter>
    </ClInclude>
    <ClInclude Include="D:\FinalTeam\FinalTeam\assimp-master\include\assimp\Logger.hpp">
      <Filter>include\assimp</Filter>
    </ClInclude>
    <ClInclude Include="D:\FinalTeam\FinalTeam\assimp-master\include\assimp\NullLogger.hpp">
      <Filter>include\assimp</Filter>
    </ClInclude>
    <ClInclude Include="D:\FinalTeam\FinalTeam\assimp-master\code\Common\Win32DebugLogStream.h">
      <Filter>Logging</Filter>
    </ClInclude>
    <ClInclude Include="D:\FinalTeam\FinalTeam\assimp-master\code\Common\FileLogStream.h">
      <Filter>Logging</Filter>
    </ClInclude>
    <ClInclude Include="D:\FinalTeam\FinalTeam\assimp-master\code\Common\StdOStreamLogStream.h">
      <Filter>Logging</Filter>
    </ClInclude>
    <ClInclude Include="D:\FinalTeam\FinalTeam\assimp-master\include\assimp\BlobIOSystem.h">
      <Filter>include\assimp</Filter>
    </ClInclude>
    <ClInclude Include="D:\FinalTeam\FinalTeam\assimp-master\code\PostProcessing\CalcTangentsProcess.h">
      <Filter>PostProcessing</Filter>
    </ClInclude>
    <ClInclude Include="D:\FinalTeam\FinalTeam\assimp-master\code\PostProcessing\ComputeUVMappingProcess.h">
      <Filter>PostProcessing</Filter>
    </ClInclude>
    <ClInclude Include="D:\FinalTeam\FinalTeam\assimp-master\code\PostProcessing\ConvertToLHProcess.h">
      <Filter>PostProcessing</Filter>
    </ClInclude>
    <ClInclude Include="D:\FinalTeam\FinalTeam\assimp-master\code\PostProcessing\EmbedTexturesProcess.h">
      <Filter>PostProcessing</Filter>
    </ClInclude>
    <ClInclude Include="D:\FinalTeam\FinalTeam\assimp-master\code\PostProcessing\FindDegenerates.h">
      <Filter>PostProcessing</Filter>
    </ClInclude>
    <ClInclude Include="D:\FinalTeam\FinalTeam\assimp-master\code\PostProcessing\FindInstancesProcess.h">
      <Filter>PostProcessing</Filter>
    </ClInclude>
    <ClInclude Include="D:\FinalTeam\FinalTeam\assimp-master\code\PostProcessing\FindInvalidDataProcess.h">
      <Filter>PostProcessing</Filter>
    </ClInclude>
    <ClInclude Include="D:\FinalTeam\FinalTeam\assimp-master\code\PostProcessing\FixNormalsStep.h">
      <Filter>PostProcessing</Filter>
    </ClInclude>
    <ClInclude Include="D:\FinalTeam\FinalTeam\assimp-master\code\PostProcessing\DropFaceNormalsProcess.h">
      <Filter>PostProcessing</Filter>
    </ClInclude>
    <ClInclude Include="D:\FinalTeam\FinalTeam\assimp-master\code\PostProcessing\GenFaceNormalsProcess.h">
      <Filter>PostProcessing</Filter>
    </ClInclude>
    <ClInclude Include="D:\FinalTeam\FinalTeam\assimp-master\code\PostProcessing\GenVertexNormalsProcess.h">
      <Filter>PostProcessing</Filter>
    </ClInclude>
    <ClInclude Include="D:\FinalTeam\FinalTeam\assimp-master\code\PostProcessing\PretransformVertices.h">
      <Filter>PostProcessing</Filter>
    </ClInclude>
    <ClInclude Include="D:\FinalTeam\FinalTeam\assimp-master\code\PostProcessing\ImproveCacheLocality.h">
      <Filter>PostProcessing</Filter>
    </ClInclude>
    <ClInclude Include="D:\FinalTeam\FinalTeam\assimp-master\code\PostProcessing\JoinVerticesProcess.h">
      <Filter>PostProcessing</Filter>
    </ClInclude>
    <ClInclude Include="D:\FinalTeam\FinalTeam\assimp-master\code\PostProcessing\LimitBoneWeightsProcess.h">
      <Filter>PostProcessing</Filter>
    </ClInclude>
    <ClInclude Include="D:\FinalTeam\FinalTeam\assimp-master\code\PostProcessing\RemoveRedundantMaterials.h">
      <Filter>PostProcessing</Filter>
    </ClInclude>
    <ClInclude Include="D:\FinalTeam\FinalTeam\assimp-master\code\PostProcessing\RemoveVCProcess.h">
      <Filter>PostProcessing</Filter>
    </ClInclude>
    <ClInclude Include="D:\FinalTeam\FinalTeam\assimp-master\code\PostProcessing\SortByPTypeProcess.h">
      <Filter>PostProcessing</Filter>
    </ClInclude>
    <ClInclude Include="D:\FinalTeam\FinalTeam\assimp-master\code\PostProcessing\SplitLargeMeshes.h">
      <Filter>PostProcessing</Filter>
    </ClInclude>
    <ClInclude Include="D:\FinalTeam\FinalTeam\assimp-master\code\PostProcessing\TextureTransform.h">
      <Filter>PostProcessing</Filter>
    </ClInclude>
    <ClInclude Include="D:\FinalTeam\FinalTeam\assimp-master\code\PostProcessing\TriangulateProcess.h">
      <Filter>PostProcessing</Filter>
    </ClInclude>
    <ClInclude Include="D:\FinalTeam\FinalTeam\assimp-master\code\PostProcessing\ValidateDataStructure.h">
      <Filter>PostProcessing</Filter>
    </ClInclude>
    <ClInclude Include="D:\FinalTeam\FinalTeam\assimp-master\code\PostProcessing\OptimizeGraph.h">
      <Filter>PostProcessing</Filter>
    </ClInclude>
    <ClInclude Include="D:\FinalTeam\FinalTeam\assimp-master\code\PostProcessing\OptimizeMeshes.h">
      <Filter>PostProcessing</Filter>
    </ClInclude>
    <ClInclude Include="D:\FinalTeam\FinalTeam\assimp-master\code\PostProcessing\DeboneProcess.h">
      <Filter>PostProcessing</Filter>
    </ClInclude>
    <ClInclude Include="D:\FinalTeam\FinalTeam\assimp-master\code\PostProcessing\ProcessHelper.h">
      <Filter>PostProcessing</Filter>
    </ClInclude>
    <ClInclude Include="D:\FinalTeam\FinalTeam\assimp-master\code\PostProcessing\MakeVerboseFormat.h">
      <Filter>PostProcessing</Filter>
    </ClInclude>
    <ClInclude Include="D:\FinalTeam\FinalTeam\assimp-master\code\PostProcessing\ScaleProcess.h">
      <Filter>PostProcessing</Filter>
    </ClInclude>
    <ClInclude Include="D:\FinalTeam\FinalTeam\assimp-master\code\PostProcessing\ArmaturePopulate.h">
      <Filter>PostProcessing</Filter>
    </ClInclude>
    <ClInclude Include="D:\FinalTeam\FinalTeam\assimp-master\code\PostProcessing\GenBoundingBoxesProcess.h">
      <Filter>PostProcessing</Filter>
    </ClInclude>
    <ClInclude Include="D:\FinalTeam\FinalTeam\assimp-master\code\PostProcessing\SplitByBoneCountProcess.h">
      <Filter>PostProcessing</Filter>
    </ClInclude>
    <ClInclude Include="D:\FinalTeam\FinalTeam\assimp-master\code\Material\MaterialSystem.h">
      <Filter>MaterialSystem</Filter>
    </ClInclude>
    <ClInclude Include="D:\FinalTeam\FinalTeam\assimp-master\code\AssetLib\STEPParser\STEPFileReader.h">
      <Filter>STEPParser</Filter>
    </ClInclude>
    <ClInclude Include="D:\FinalTeam\FinalTeam\assimp-master\code\AssetLib\STEPParser\STEPFileEncoding.h">
      <Filter>STEPParser</Filter>
    </ClInclude>
    <ClInclude Include="D:\FinalTeam\FinalTeam\assimp-master\code\AssetLib\AMF\AMFImporter.hpp">
      <Filter>AssetLib\AMF</Filter>
    </ClInclude>
    <ClInclude Include="D:\FinalTeam\FinalTeam\assimp-master\code\AssetLib\AMF\AMFImporter_Node.hpp">
      <Filter>AssetLib\AMF</Filter>
    </ClInclude>
    <ClInclude Include="D:\FinalTeam\FinalTeam\assimp-master\code\AssetLib\3DS\3DSHelper.h">
      <Filter>AssetLib\3DS</Filter>
    </ClInclude>
    <ClInclude Include="D:\FinalTeam\FinalTeam\assimp-master\code\AssetLib\3DS\3DSLoader.h">
      <Filter>AssetLib\3DS</Filter>
    </ClInclude>
    <ClInclude Include="D:\FinalTeam\FinalTeam\assimp-master\code\AssetLib\AC\ACLoader.h">
      <Filter>AssetLib\AC</Filter>
    </ClInclude>
    <ClInclude Include="D:\FinalTeam\FinalTeam\assimp-master\code\AssetLib\ASE\ASELoader.h">
      <Filter>AssetLib\ASE</Filter>
    </ClInclude>
    <ClInclude Include="D:\FinalTeam\FinalTeam\assimp-master\code\AssetLib\ASE\ASEParser.h">
      <Filter>AssetLib\ASE</Filter>
    </ClInclude>
    <ClInclude Include="D:\FinalTeam\FinalTeam\assimp-master\code\AssetLib\Assbin\AssbinLoader.h">
      <Filter>AssetLib\ASSBIN</Filter>
    </ClInclude>
    <ClInclude Include="D:\FinalTeam\FinalTeam\assimp-master\code\AssetLib\B3D\B3DImporter.h">
      <Filter>AssetLib\B3D</Filter>
    </ClInclude>
    <ClInclude Include="D:\FinalTeam\FinalTeam\assimp-master\code\AssetLib\BVH\BVHLoader.h">
      <Filter>AssetLib\BVH</Filter>
    </ClInclude>
    <ClInclude Include="D:\FinalTeam\FinalTeam\assimp-master\code\AssetLib\Collada\ColladaHelper.h">
      <Filter>AssetLib\COLLADA</Filter>
    </ClInclude>
    <ClInclude Include="D:\FinalTeam\FinalTeam\assimp-master\code\AssetLib\Collada\ColladaLoader.h">
      <Filter>AssetLib\COLLADA</Filter>
    </ClInclude>
    <ClInclude Include="D:\FinalTeam\FinalTeam\assimp-master\code\AssetLib\Collada\ColladaParser.h">
      <Filter>AssetLib\COLLADA</Filter>
    </ClInclude>
    <ClInclude Include="D:\FinalTeam\FinalTeam\assimp-master\code\AssetLib\DXF\DXFLoader.h">
      <Filter>AssetLib\DXF</Filter>
    </ClInclude>
    <ClInclude Include="D:\FinalTeam\FinalTeam\assimp-master\code\AssetLib\DXF\DXFHelper.h">
      <Filter>AssetLib\DXF</Filter>
    </ClInclude>
    <ClInclude Include="D:\FinalTeam\FinalTeam\assimp-master\code\AssetLib\CSM\CSMLoader.h">
      <Filter>AssetLib\CSM</Filter>
    </ClInclude>
    <ClInclude Include="D:\FinalTeam\FinalTeam\assimp-master\code\AssetLib\HMP\HMPFileData.h">
      <Filter>AssetLib\HMP</Filter>
    </ClInclude>
    <ClInclude Include="D:\FinalTeam\FinalTeam\assimp-master\code\AssetLib\HMP\HMPLoader.h">
      <Filter>AssetLib\HMP</Filter>
    </ClInclude>
    <ClInclude Include="D:\FinalTeam\FinalTeam\assimp-master\code\AssetLib\HMP\HalfLifeFileData.h">
      <Filter>AssetLib\HMP</Filter>
    </ClInclude>
    <ClInclude Include="D:\FinalTeam\FinalTeam\assimp-master\code\AssetLib\Irr\IRRMeshLoader.h">
      <Filter>AssetLib\IRRMESH</Filter>
    </ClInclude>
    <ClInclude Include="D:\FinalTeam\FinalTeam\assimp-master\code\AssetLib\Irr\IRRShared.h">
      <Filter>AssetLib\IRRMESH</Filter>
    </ClInclude>
    <ClInclude Include="D:\FinalTeam\FinalTeam\assimp-master\code\AssetLib\IQM\iqm.h">
      <Filter>AssetLib\IQM</Filter>
    </ClInclude>
    <ClInclude Include="D:\FinalTeam\FinalTeam\assimp-master\code\AssetLib\IQM\IQMImporter.h">
      <Filter>AssetLib\IQM</Filter>
    </ClInclude>
    <ClInclude Include="D:\FinalTeam\FinalTeam\assimp-master\code\AssetLib\Irr\IRRLoader.h">
      <Filter>AssetLib\IRR</Filter>
    </ClInclude>
    <ClInclude Include="D:\FinalTeam\FinalTeam\assimp-master\code\AssetLib\LWO\LWOAnimation.h">
      <Filter>AssetLib\LWO</Filter>
    </ClInclude>
    <ClInclude Include="D:\FinalTeam\FinalTeam\assimp-master\code\AssetLib\LWO\LWOFileData.h">
      <Filter>AssetLib\LWO</Filter>
    </ClInclude>
    <ClInclude Include="D:\FinalTeam\FinalTeam\assimp-master\code\AssetLib\LWO\LWOLoader.h">
      <Filter>AssetLib\LWO</Filter>
    </ClInclude>
    <ClInclude Include="D:\FinalTeam\FinalTeam\assimp-master\code\AssetLib\LWS\LWSLoader.h">
      <Filter>AssetLib\LWS</Filter>
    </ClInclude>
    <ClInclude Include="D:\FinalTeam\FinalTeam\assimp-master\code\AssetLib\M3D\M3DMaterials.h">
      <Filter>AssetLib\M3D</Filter>
    </ClInclude>
    <ClInclude Include="D:\FinalTeam\FinalTeam\assimp-master\code\AssetLib\M3D\M3DImporter.h">
      <Filter>AssetLib\M3D</Filter>
    </ClInclude>
    <ClInclude Include="D:\FinalTeam\FinalTeam\assimp-master\code\AssetLib\M3D\M3DWrapper.h">
      <Filter>AssetLib\M3D</Filter>
    </ClInclude>
    <ClInclude Include="D:\FinalTeam\FinalTeam\assimp-master\code\AssetLib\M3D\m3d.h">
      <Filter>AssetLib\M3D</Filter>
    </ClInclude>
    <ClInclude Include="D:\FinalTeam\FinalTeam\assimp-master\code\AssetLib\MD2\MD2FileData.h">
      <Filter>AssetLib\MD2</Filter>
    </ClInclude>
    <ClInclude Include="D:\FinalTeam\FinalTeam\assimp-master\code\AssetLib\MD2\MD2Loader.h">
      <Filter>AssetLib\MD2</Filter>
    </ClInclude>
    <ClInclude Include="D:\FinalTeam\FinalTeam\assimp-master\code\AssetLib\MD2\MD2NormalTable.h">
      <Filter>AssetLib\MD2</Filter>
    </ClInclude>
    <ClInclude Include="D:\FinalTeam\FinalTeam\assimp-master\code\AssetLib\MD3\MD3FileData.h">
      <Filter>AssetLib\MD3</Filter>
    </ClInclude>
    <ClInclude Include="D:\FinalTeam\FinalTeam\assimp-master\code\AssetLib\MD3\MD3Loader.h">
      <Filter>AssetLib\MD3</Filter>
    </ClInclude>
    <ClInclude Include="D:\FinalTeam\FinalTeam\assimp-master\code\AssetLib\MD5\MD5Loader.h">
      <Filter>AssetLib\MD5</Filter>
    </ClInclude>
    <ClInclude Include="D:\FinalTeam\FinalTeam\assimp-master\code\AssetLib\MD5\MD5Parser.h">
      <Filter>AssetLib\MD5</Filter>
    </ClInclude>
    <ClInclude Include="D:\FinalTeam\FinalTeam\assimp-master\code\AssetLib\MDC\MDCFileData.h">
      <Filter>AssetLib\MDC</Filter>
    </ClInclude>
    <ClInclude Include="D:\FinalTeam\FinalTeam\assimp-master\code\AssetLib\MDC\MDCLoader.h">
      <Filter>AssetLib\MDC</Filter>
    </ClInclude>
    <ClInclude Include="D:\FinalTeam\FinalTeam\assimp-master\code\AssetLib\MDC\MDCNormalTable.h">
      <Filter>AssetLib\MDC</Filter>
    </ClInclude>
    <ClInclude Include="D:\FinalTeam\FinalTeam\assimp-master\code\AssetLib\MDL\MDLDefaultColorMap.h">
      <Filter>AssetLib\MDL</Filter>
    </ClInclude>
    <ClInclude Include="D:\FinalTeam\FinalTeam\assimp-master\code\AssetLib\MDL\MDLFileData.h">
      <Filter>AssetLib\MDL</Filter>
    </ClInclude>
    <ClInclude Include="D:\FinalTeam\FinalTeam\assimp-master\code\AssetLib\MDL\MDLLoader.h">
      <Filter>AssetLib\MDL</Filter>
    </ClInclude>
    <ClInclude Include="D:\FinalTeam\FinalTeam\assimp-master\code\AssetLib\MDL\HalfLife\HalfLifeMDLBaseHeader.h">
      <Filter>AssetLib\MDL</Filter>
    </ClInclude>
    <ClInclude Include="D:\FinalTeam\FinalTeam\assimp-master\code\AssetLib\MDL\HalfLife\HL1FileData.h">
      <Filter>AssetLib\MDL</Filter>
    </ClInclude>
    <ClInclude Include="D:\FinalTeam\FinalTeam\assimp-master\code\AssetLib\MDL\HalfLife\HL1MDLLoader.h">
      <Filter>AssetLib\MDL</Filter>
    </ClInclude>
    <ClInclude Include="D:\FinalTeam\FinalTeam\assimp-master\code\AssetLib\MDL\HalfLife\HL1ImportDefinitions.h">
      <Filter>AssetLib\MDL</Filter>
    </ClInclude>
    <ClInclude Include="D:\FinalTeam\FinalTeam\assimp-master\code\AssetLib\MDL\HalfLife\HL1ImportSettings.h">
      <Filter>AssetLib\MDL</Filter>
    </ClInclude>
    <ClInclude Include="D:\FinalTeam\FinalTeam\assimp-master\code\AssetLib\MDL\HalfLife\HL1MeshTrivert.h">
      <Filter>AssetLib\MDL</Filter>
    </ClInclude>
    <ClInclude Include="D:\FinalTeam\FinalTeam\assimp-master\code\AssetLib\MDL\HalfLife\LogFunctions.h">
      <Filter>AssetLib\MDL</Filter>
    </ClInclude>
    <ClInclude Include="D:\FinalTeam\FinalTeam\assimp-master\code\AssetLib\MDL\HalfLife\UniqueNameGenerator.h">
      <Filter>AssetLib\MDL</Filter>
    </ClInclude>
    <ClInclude Include="D:\FinalTeam\FinalTeam\assimp-master\code\AssetLib\NFF\NFFLoader.h">
      <Filter>AssetLib\NFF</Filter>
    </ClInclude>
    <ClInclude Include="D:\FinalTeam\FinalTeam\assimp-master\code\AssetLib\NDO\NDOLoader.h">
      <Filter>AssetLib\NDO</Filter>
    </ClInclude>
    <ClInclude Include="D:\FinalTeam\FinalTeam\assimp-master\code\AssetLib\OFF\OFFLoader.h">
      <Filter>AssetLib\OFF</Filter>
    </ClInclude>
    <ClInclude Include="D:\FinalTeam\FinalTeam\assimp-master\code\AssetLib\Obj\ObjFileData.h">
      <Filter>AssetLib\OBJ</Filter>
    </ClInclude>
    <ClInclude Include="D:\FinalTeam\FinalTeam\assimp-master\code\AssetLib\Obj\ObjFileImporter.h">
      <Filter>AssetLib\OBJ</Filter>
    </ClInclude>
    <ClInclude Include="D:\FinalTeam\FinalTeam\assimp-master\code\AssetLib\Obj\ObjFileMtlImporter.h">
      <Filter>AssetLib\OBJ</Filter>
    </ClInclude>
    <ClInclude Include="D:\FinalTeam\FinalTeam\assimp-master\code\AssetLib\Obj\ObjFileParser.h">
      <Filter>AssetLib\OBJ</Filter>
    </ClInclude>
    <ClInclude Include="D:\FinalTeam\FinalTeam\assimp-master\code\AssetLib\Obj\ObjTools.h">
      <Filter>AssetLib\OBJ</Filter>
    </ClInclude>
    <ClInclude Include="D:\FinalTeam\FinalTeam\assimp-master\code\AssetLib\Ogre\OgreImporter.h">
      <Filter>AssetLib\OGRE</Filter>
    </ClInclude>
    <ClInclude Include="D:\FinalTeam\FinalTeam\assimp-master\code\AssetLib\Ogre\OgreStructs.h">
      <Filter>AssetLib\OGRE</Filter>
    </ClInclude>
    <ClInclude Include="D:\FinalTeam\FinalTeam\assimp-master\code\AssetLib\Ogre\OgreParsingUtils.h">
      <Filter>AssetLib\OGRE</Filter>
    </ClInclude>
    <ClInclude Include="D:\FinalTeam\FinalTeam\assimp-master\code\AssetLib\Ogre\OgreBinarySerializer.h">
      <Filter>AssetLib\OGRE</Filter>
    </ClInclude>
    <ClInclude Include="D:\FinalTeam\FinalTeam\assimp-master\code\AssetLib\Ogre\OgreXmlSerializer.h">
      <Filter>AssetLib\OGRE</Filter>
    </ClInclude>
    <ClInclude Include="D:\FinalTeam\FinalTeam\assimp-master\code\AssetLib\OpenGEX\OpenGEXImporter.h">
      <Filter>AssetLib\OPENGEX</Filter>
    </ClInclude>
    <ClInclude Include="D:\FinalTeam\FinalTeam\assimp-master\code\AssetLib\OpenGEX\OpenGEXStructs.h">
      <Filter>AssetLib\OPENGEX</Filter>
    </ClInclude>
    <ClInclude Include="D:\FinalTeam\FinalTeam\assimp-master\code\AssetLib\Ply\PlyLoader.h">
      <Filter>AssetLib\PLY</Filter>
    </ClInclude>
    <ClInclude Include="D:\FinalTeam\FinalTeam\assimp-master\code\AssetLib\Ply\PlyParser.h">
      <Filter>AssetLib\PLY</Filter>
    </ClInclude>
    <ClInclude Include="D:\FinalTeam\FinalTeam\assimp-master\code\AssetLib\MS3D\MS3DLoader.h">
      <Filter>AssetLib\MS3D</Filter>
    </ClInclude>
    <ClInclude Include="D:\FinalTeam\FinalTeam\assimp-master\code\AssetLib\COB\COBLoader.h">
      <Filter>AssetLib\COB</Filter>
    </ClInclude>
    <ClInclude Include="D:\FinalTeam\FinalTeam\assimp-master\code\AssetLib\COB\COBScene.h">
      <Filter>AssetLib\COB</Filter>
    </ClInclude>
    <ClInclude Include="D:\FinalTeam\FinalTeam\assimp-master\code\AssetLib\Blender\BlenderLoader.h">
      <Filter>AssetLib\BLEND</Filter>
    </ClInclude>
    <ClInclude Include="D:\FinalTeam\FinalTeam\assimp-master\code\AssetLib\Blender\BlenderDNA.h">
      <Filter>AssetLib\BLEND</Filter>
    </ClInclude>
    <ClInclude Include="D:\FinalTeam\FinalTeam\assimp-master\code\AssetLib\Blender\BlenderDNA.inl">
      <Filter>AssetLib\BLEND</Filter>
    </ClInclude>
    <ClInclude Include="D:\FinalTeam\FinalTeam\assimp-master\code\AssetLib\Blender\BlenderScene.h">
      <Filter>AssetLib\BLEND</Filter>
    </ClInclude>
    <ClInclude Include="D:\FinalTeam\FinalTeam\assimp-master\code\AssetLib\Blender\BlenderSceneGen.h">
      <Filter>AssetLib\BLEND</Filter>
    </ClInclude>
    <ClInclude Include="D:\FinalTeam\FinalTeam\assimp-master\code\AssetLib\Blender\BlenderIntermediate.h">
      <Filter>AssetLib\BLEND</Filter>
    </ClInclude>
    <ClInclude Include="D:\FinalTeam\FinalTeam\assimp-master\code\AssetLib\Blender\BlenderModifier.h">
      <Filter>AssetLib\BLEND</Filter>
    </ClInclude>
    <ClInclude Include="D:\FinalTeam\FinalTeam\assimp-master\code\AssetLib\Blender\BlenderBMesh.h">
      <Filter>AssetLib\BLEND</Filter>
    </ClInclude>
    <ClInclude Include="D:\FinalTeam\FinalTeam\assimp-master\code\AssetLib\Blender\BlenderTessellator.h">
      <Filter>AssetLib\BLEND</Filter>
    </ClInclude>
    <ClInclude Include="D:\FinalTeam\FinalTeam\assimp-master\code\AssetLib\Blender\BlenderCustomData.h">
      <Filter>AssetLib\BLEND</Filter>
    </ClInclude>
    <ClInclude Include="D:\FinalTeam\FinalTeam\assimp-master\code\AssetLib\IFC\IFCLoader.h">
      <Filter>AssetLib\IFC</Filter>
    </ClInclude>
    <ClInclude Include="D:\FinalTeam\FinalTeam\assimp-master\code\AssetLib\IFC\IFCReaderGen_2x3.h">
      <Filter>AssetLib\IFC</Filter>
    </ClInclude>
    <ClInclude Include="D:\FinalTeam\FinalTeam\assimp-master\code\AssetLib\IFC\IFCUtil.h">
      <Filter>AssetLib\IFC</Filter>
    </ClInclude>
    <ClInclude Include="D:\FinalTeam\FinalTeam\assimp-master\code\AssetLib\XGL\XGLLoader.h">
      <Filter>AssetLib\XGL</Filter>
    </ClInclude>
    <ClInclude Include="D:\FinalTeam\FinalTeam\assimp-master\code\AssetLib\FBX\FBXCompileConfig.h">
      <Filter>AssetLib\FBX</Filter>
    </ClInclude>
    <ClInclude Include="D:\FinalTeam\FinalTeam\assimp-master\code\AssetLib\FBX\FBXImporter.h">
      <Filter>AssetLib\FBX</Filter>
    </ClInclude>
    <ClInclude Include="D:\FinalTeam\FinalTeam\assimp-master\code\AssetLib\FBX\FBXParser.h">
      <Filter>AssetLib\FBX</Filter>
    </ClInclude>
    <ClInclude Include="D:\FinalTeam\FinalTeam\assimp-master\code\AssetLib\FBX\FBXTokenizer.h">
      <Filter>AssetLib\FBX</Filter>
    </ClInclude>
    <ClInclude Include="D:\FinalTeam\FinalTeam\assimp-master\code\AssetLib\FBX\FBXImportSettings.h">
      <Filter>AssetLib\FBX</Filter>
    </ClInclude>
    <ClInclude Include="D:\FinalTeam\FinalTeam\assimp-master\code\AssetLib\FBX\FBXConverter.h">
      <Filter>AssetLib\FBX</Filter>
    </ClInclude>
    <ClInclude Include="D:\FinalTeam\FinalTeam\assimp-master\code\AssetLib\FBX\FBXUtil.h">
      <Filter>AssetLib\FBX</Filter>
    </ClInclude>
    <ClInclude Include="D:\FinalTeam\FinalTeam\assimp-master\code\AssetLib\FBX\FBXDocument.h">
      <Filter>AssetLib\FBX</Filter>
    </ClInclude>
    <ClInclude Include="D:\FinalTeam\FinalTeam\assimp-master\code\AssetLib\FBX\FBXProperties.h">
      <Filter>AssetLib\FBX</Filter>
    </ClInclude>
    <ClInclude Include="D:\FinalTeam\FinalTeam\assimp-master\code\AssetLib\FBX\FBXMeshGeometry.h">
      <Filter>AssetLib\FBX</Filter>
    </ClInclude>
    <ClInclude Include="D:\FinalTeam\FinalTeam\assimp-master\code\AssetLib\FBX\FBXCommon.h">
      <Filter>AssetLib\FBX</Filter>
    </ClInclude>
    <ClInclude Include="D:\FinalTeam\FinalTeam\assimp-master\code\AssetLib\Q3D\Q3DLoader.h">
      <Filter>AssetLib\Q3D</Filter>
    </ClInclude>
    <ClInclude Include="D:\FinalTeam\FinalTeam\assimp-master\code\AssetLib\Q3BSP\Q3BSPFileData.h">
      <Filter>AssetLib\Q3BSP</Filter>
    </ClInclude>
    <ClInclude Include="D:\FinalTeam\FinalTeam\assimp-master\code\AssetLib\Q3BSP\Q3BSPFileParser.h">
      <Filter>AssetLib\Q3BSP</Filter>
    </ClInclude>
    <ClInclude Include="D:\FinalTeam\FinalTeam\assimp-master\code\AssetLib\Q3BSP\Q3BSPFileImporter.h">
      <Filter>AssetLib\Q3BSP</Filter>
    </ClInclude>
    <ClInclude Include="D:\FinalTeam\FinalTeam\assimp-master\code\AssetLib\Raw\RawLoader.h">
      <Filter>AssetLib\RAW</Filter>
    </ClInclude>
    <ClInclude Include="D:\FinalTeam\FinalTeam\assimp-master\code\AssetLib\SIB\SIBImporter.h">
      <Filter>AssetLib\SIB</Filter>
    </ClInclude>
    <ClInclude Include="D:\FinalTeam\FinalTeam\assimp-master\code\AssetLib\SMD\SMDLoader.h">
      <Filter>AssetLib\SMD</Filter>
    </ClInclude>
    <ClInclude Include="D:\FinalTeam\FinalTeam\assimp-master\code\AssetLib\STL\STLLoader.h">
      <Filter>AssetLib\STL</Filter>
    </ClInclude>
    <ClInclude Include="D:\FinalTeam\FinalTeam\assimp-master\code\AssetLib\Terragen\TerragenLoader.h">
      <Filter>AssetLib\TERRAGEN</Filter>
    </ClInclude>
    <ClInclude Include="D:\FinalTeam\FinalTeam\assimp-master\code\AssetLib\Unreal\UnrealLoader.h">
      <Filter>AssetLib\3D</Filter>
    </ClInclude>
    <ClInclude Include="D:\FinalTeam\FinalTeam\assimp-master\code\AssetLib\X\XFileHelper.h">
      <Filter>AssetLib\X</Filter>
    </ClInclude>
    <ClInclude Include="D:\FinalTeam\FinalTeam\assimp-master\code\AssetLib\X\XFileImporter.h">
      <Filter>AssetLib\X</Filter>
    </ClInclude>
    <ClInclude Include="D:\FinalTeam\FinalTeam\assimp-master\code\AssetLib\X\XFileParser.h">
      <Filter>AssetLib\X</Filter>
    </ClInclude>
    <ClInclude Include="D:\FinalTeam\FinalTeam\assimp-master\code\AssetLib\X3D\X3DImporter.hpp">
      <Filter>AssetLib\X3D</Filter>
    </ClInclude>
    <ClInclude Include="D:\FinalTeam\FinalTeam\assimp-master\code\AssetLib\X3D\X3DImporter_Macro.hpp">
      <Filter>AssetLib\X3D</Filter>
    </ClInclude>
    <ClInclude Include="D:\FinalTeam\FinalTeam\assimp-master\code\AssetLib\X3D\X3DImporter_Node.hpp">
      <Filter>AssetLib\X3D</Filter>
    </ClInclude>
    <ClInclude Include="D:\FinalTeam\FinalTeam\assimp-master\code\AssetLib\X3D\X3DGeoHelper.h">
      <Filter>AssetLib\X3D</Filter>
    </ClInclude>
    <ClInclude Include="D:\FinalTeam\FinalTeam\assimp-master\code\AssetLib\X3D\X3DXmlHelper.h">
      <Filter>AssetLib\X3D</Filter>
    </ClInclude>
    <ClInclude Include="D:\FinalTeam\FinalTeam\assimp-master\code\AssetLib\glTF\glTFCommon.h">
      <Filter>AssetLib\GLTF</Filter>
    </ClInclude>
    <ClInclude Include="D:\FinalTeam\FinalTeam\assimp-master\code\AssetLib\glTF\glTFAsset.h">
      <Filter>AssetLib\GLTF</Filter>
    </ClInclude>
    <ClInclude Include="D:\FinalTeam\FinalTeam\assimp-master\code\AssetLib\glTF\glTFAsset.inl">
      <Filter>AssetLib\GLTF</Filter>
    </ClInclude>
    <ClInclude Include="D:\FinalTeam\FinalTeam\assimp-master\code\AssetLib\glTF\glTFAssetWriter.h">
      <Filter>AssetLib\GLTF</Filter>
    </ClInclude>
    <ClInclude Include="D:\FinalTeam\FinalTeam\assimp-master\code\AssetLib\glTF\glTFAssetWriter.inl">
      <Filter>AssetLib\GLTF</Filter>
    </ClInclude>
    <ClInclude Include="D:\FinalTeam\FinalTeam\assimp-master\code\AssetLib\glTF\glTFImporter.h">
      <Filter>AssetLib\GLTF</Filter>
    </ClInclude>
    <ClInclude Include="D:\FinalTeam\FinalTeam\assimp-master\code\AssetLib\glTF2\glTF2Asset.h">
      <Filter>AssetLib\GLTF</Filter>
    </ClInclude>
    <ClInclude Include="D:\FinalTeam\FinalTeam\assimp-master\code\AssetLib\glTF2\glTF2Asset.inl">
      <Filter>AssetLib\GLTF</Filter>
    </ClInclude>
    <ClInclude Include="D:\FinalTeam\FinalTeam\assimp-master\code\AssetLib\glTF2\glTF2AssetWriter.h">
      <Filter>AssetLib\GLTF</Filter>
    </ClInclude>
    <ClInclude Include="D:\FinalTeam\FinalTeam\assimp-master\code\AssetLib\glTF2\glTF2AssetWriter.inl">
      <Filter>AssetLib\GLTF</Filter>
    </ClInclude>
    <ClInclude Include="D:\FinalTeam\FinalTeam\assimp-master\code\AssetLib\glTF2\glTF2Importer.h">
      <Filter>AssetLib\GLTF</Filter>
    </ClInclude>
    <ClInclude Include="D:\FinalTeam\FinalTeam\assimp-master\code\AssetLib\3MF\3MFTypes.h">
      <Filter>AssetLib\3MF</Filter>
    </ClInclude>
    <ClInclude Include="D:\FinalTeam\FinalTeam\assimp-master\code\AssetLib\3MF\XmlSerializer.h">
      <Filter>AssetLib\3MF</Filter>
    </ClInclude>
    <ClInclude Include="D:\FinalTeam\FinalTeam\assimp-master\code\AssetLib\3MF\D3MFImporter.h">
      <Filter>AssetLib\3MF</Filter>
    </ClInclude>
    <ClInclude Include="D:\FinalTeam\FinalTeam\assimp-master\code\AssetLib\3MF\D3MFOpcPackage.h">
      <Filter>AssetLib\3MF</Filter>
    </ClInclude>
    <ClInclude Include="D:\FinalTeam\FinalTeam\assimp-master\code\AssetLib\3MF\3MFXmlTags.h">
      <Filter>AssetLib\3MF</Filter>
    </ClInclude>
    <ClInclude Include="D:\FinalTeam\FinalTeam\assimp-master\code\AssetLib\MMD\MMDCpp14.h">
      <Filter>AssetLib\MMD</Filter>
    </ClInclude>
    <ClInclude Include="D:\FinalTeam\FinalTeam\assimp-master\code\AssetLib\MMD\MMDImporter.h">
      <Filter>AssetLib\MMD</Filter>
    </ClInclude>
    <ClInclude Include="D:\FinalTeam\FinalTeam\assimp-master\code\AssetLib\MMD\MMDPmdParser.h">
      <Filter>AssetLib\MMD</Filter>
    </ClInclude>
    <ClInclude Include="D:\FinalTeam\FinalTeam\assimp-master\code\AssetLib\MMD\MMDPmxParser.h">
      <Filter>AssetLib\MMD</Filter>
    </ClInclude>
    <ClInclude Include="D:\FinalTeam\FinalTeam\assimp-master\code\AssetLib\MMD\MMDVmdParser.h">
      <Filter>AssetLib\MMD</Filter>
    </ClInclude>
    <ClInclude Include="D:\FinalTeam\FinalTeam\assimp-master\code\AssetLib\Obj\ObjExporter.h">
      <Filter>AssetLib\OBJ</Filter>
    </ClInclude>
    <ClInclude Include="D:\FinalTeam\FinalTeam\assimp-master\code\AssetLib\OpenGEX\OpenGEXExporter.h">
      <Filter>AssetLib\OPENGEX</Filter>
    </ClInclude>
    <ClInclude Include="D:\FinalTeam\FinalTeam\assimp-master\code\AssetLib\Ply\PlyExporter.h">
      <Filter>AssetLib\PLY</Filter>
    </ClInclude>
    <ClInclude Include="D:\FinalTeam\FinalTeam\assimp-master\code\AssetLib\3DS\3DSExporter.h">
      <Filter>AssetLib\3DS</Filter>
    </ClInclude>
    <ClInclude Include="D:\FinalTeam\FinalTeam\assimp-master\code\AssetLib\Assbin\AssbinExporter.h">
      <Filter>AssetLib\ASSBIN</Filter>
    </ClInclude>
    <ClInclude Include="D:\FinalTeam\FinalTeam\assimp-master\code\AssetLib\Assbin\AssbinFileWriter.h">
      <Filter>AssetLib\ASSBIN</Filter>
    </ClInclude>
    <ClInclude Include="D:\FinalTeam\FinalTeam\assimp-master\code\AssetLib\Assxml\AssxmlExporter.h">
      <Filter>AssetLib\ASSXML</Filter>
    </ClInclude>
    <ClInclude Include="D:\FinalTeam\FinalTeam\assimp-master\code\AssetLib\Assxml\AssxmlFileWriter.h">
      <Filter>AssetLib\ASSXML</Filter>
    </ClInclude>
    <ClInclude Include="D:\FinalTeam\FinalTeam\assimp-master\code\AssetLib\M3D\M3DExporter.h">
      <Filter>AssetLib\M3D</Filter>
    </ClInclude>
    <ClInclude Include="D:\FinalTeam\FinalTeam\assimp-master\code\AssetLib\Collada\ColladaExporter.h">
      <Filter>AssetLib\COLLADA</Filter>
    </ClInclude>
    <ClInclude Include="D:\FinalTeam\FinalTeam\assimp-master\code\AssetLib\FBX\FBXExporter.h">
      <Filter>AssetLib\FBX</Filter>
    </ClInclude>
    <ClInclude Include="D:\FinalTeam\FinalTeam\assimp-master\code\AssetLib\FBX\FBXExportNode.h">
      <Filter>AssetLib\FBX</Filter>
    </ClInclude>
    <ClInclude Include="D:\FinalTeam\FinalTeam\assimp-master\code\AssetLib\FBX\FBXExportProperty.h">
      <Filter>AssetLib\FBX</Filter>
    </ClInclude>
    <ClInclude Include="D:\FinalTeam\FinalTeam\assimp-master\code\AssetLib\STL\STLExporter.h">
      <Filter>AssetLib\STL</Filter>
    </ClInclude>
    <ClInclude Include="D:\FinalTeam\FinalTeam\assimp-master\code\AssetLib\X\XFileExporter.h">
      <Filter>AssetLib\X</Filter>
    </ClInclude>
    <ClInclude Include="D:\FinalTeam\FinalTeam\assimp-master\code\AssetLib\X3D\X3DExporter.hpp">
      <Filter>AssetLib\X3D</Filter>
    </ClInclude>
    <ClInclude Include="D:\FinalTeam\FinalTeam\assimp-master\code\AssetLib\glTF\glTFExporter.h">
      <Filter>AssetLib\GLTF</Filter>
    </ClInclude>
    <ClInclude Include="D:\FinalTeam\FinalTeam\assimp-master\code\AssetLib\glTF2\glTF2Exporter.h">
      <Filter>AssetLib\GLTF</Filter>
    </ClInclude>
    <ClInclude Include="D:\FinalTeam\FinalTeam\assimp-master\code\AssetLib\3MF\D3MFExporter.h">
      <Filter>AssetLib\3MF</Filter>
    </ClInclude>
    <ClInclude Include="D:\FinalTeam\FinalTeam\assimp-master\code\Pbrt\PbrtExporter.h">
      <Filter>AssetLib\PBRT</Filter>
    </ClInclude>
    <ClInclude Include="D:\FinalTeam\FinalTeam\assimp-master\code\AssetLib\Assjson\cencode.h">
      <Filter>AssetLib\ASSJSON</Filter>
    </ClInclude>
    <ClInclude Include="D:\FinalTeam\FinalTeam\assimp-master\code\AssetLib\Assjson\mesh_splitter.h">
      <Filter>AssetLib\ASSJSON</Filter>
    </ClInclude>
    <ClInclude Include="D:\FinalTeam\FinalTeam\assimp-master\code\AssetLib\Step\StepExporter.h">
      <Filter>AssetLib\STEP</Filter>
    </ClInclude>
    <ClInclude Include="D:\FinalTeam\FinalTeam\assimp-master\contrib\unzip\crypt.h">
      <Filter>Contrib\unzip</Filter>
    </ClInclude>
    <ClInclude Include="D:\FinalTeam\FinalTeam\assimp-master\contrib\unzip\ioapi.h">
      <Filter>Contrib\unzip</Filter>
    </ClInclude>
    <ClInclude Include="D:\FinalTeam\FinalTeam\assimp-master\contrib\unzip\unzip.h">
      <Filter>Contrib\unzip</Filter>
    </ClInclude>
    <ClInclude Include="D:\FinalTeam\FinalTeam\assimp-master\contrib\poly2tri\poly2tri\common\shapes.h">
      <Filter>Contrib\Poly2Tri</Filter>
    </ClInclude>
    <ClInclude Include="D:\FinalTeam\FinalTeam\assimp-master\contrib\poly2tri\poly2tri\common\utils.h">
      <Filter>Contrib\Poly2Tri</Filter>
    </ClInclude>
    <ClInclude Include="D:\FinalTeam\FinalTeam\assimp-master\contrib\poly2tri\poly2tri\sweep\advancing_front.h">
      <Filter>Contrib\Poly2Tri</Filter>
    </ClInclude>
    <ClInclude Include="D:\FinalTeam\FinalTeam\assimp-master\contrib\poly2tri\poly2tri\sweep\cdt.h">
      <Filter>Contrib\Poly2Tri</Filter>
    </ClInclude>
    <ClInclude Include="D:\FinalTeam\FinalTeam\assimp-master\contrib\poly2tri\poly2tri\sweep\sweep.h">
      <Filter>Contrib\Poly2Tri</Filter>
    </ClInclude>
    <ClInclude Include="D:\FinalTeam\FinalTeam\assimp-master\contrib\poly2tri\poly2tri\sweep\sweep_context.h">
      <Filter>Contrib\Poly2Tri</Filter>
    </ClInclude>
    <ClInclude Include="D:\FinalTeam\FinalTeam\assimp-master\contrib\clipper\clipper.hpp">
      <Filter>Contrib\Clipper</Filter>
    </ClInclude>
    <ClInclude Include="D:\FinalTeam\FinalTeam\assimp-master\contrib\openddlparser\include\openddlparser\OpenDDLParser.h">
      <Filter>Contrib\openddl_parser</Filter>
    </ClInclude>
    <ClInclude Include="D:\FinalTeam\FinalTeam\assimp-master\contrib\openddlparser\include\openddlparser\OpenDDLParserUtils.h">
      <Filter>Contrib\openddl_parser</Filter>
    </ClInclude>
    <ClInclude Include="D:\FinalTeam\FinalTeam\assimp-master\contrib\openddlparser\include\openddlparser\OpenDDLCommon.h">
      <Filter>Contrib\openddl_parser</Filter>
    </ClInclude>
    <ClInclude Include="D:\FinalTeam\FinalTeam\assimp-master\contrib\openddlparser\include\openddlparser\OpenDDLExport.h">
      <Filter>Contrib\openddl_parser</Filter>
    </ClInclude>
    <ClInclude Include="D:\FinalTeam\FinalTeam\assimp-master\contrib\openddlparser\include\openddlparser\OpenDDLStream.h">
      <Filter>Contrib\openddl_parser</Filter>
    </ClInclude>
    <ClInclude Include="D:\FinalTeam\FinalTeam\assimp-master\contrib\openddlparser\include\openddlparser\DDLNode.h">
      <Filter>Contrib\openddl_parser</Filter>
    </ClInclude>
    <ClInclude Include="D:\FinalTeam\FinalTeam\assimp-master\contrib\openddlparser\include\openddlparser\Value.h">
      <Filter>Contrib\openddl_parser</Filter>
    </ClInclude>
    <ClInclude Include="D:\FinalTeam\FinalTeam\assimp-master\contrib\Open3DGC\o3dgcAdjacencyInfo.h">
      <Filter>Contrib\open3dgc</Filter>
    </ClInclude>
    <ClInclude Include="D:\FinalTeam\FinalTeam\assimp-master\contrib\Open3DGC\o3dgcArithmeticCodec.h">
      <Filter>Contrib\open3dgc</Filter>
    </ClInclude>
    <ClInclude Include="D:\FinalTeam\FinalTeam\assimp-master\contrib\Open3DGC\o3dgcBinaryStream.h">
      <Filter>Contrib\open3dgc</Filter>
    </ClInclude>
    <ClInclude Include="D:\FinalTeam\FinalTeam\assimp-master\contrib\Open3DGC\o3dgcCommon.h">
      <Filter>Contrib\open3dgc</Filter>
    </ClInclude>
    <ClInclude Include="D:\FinalTeam\FinalTeam\assimp-master\contrib\Open3DGC\o3dgcDVEncodeParams.h">
      <Filter>Contrib\open3dgc</Filter>
    </ClInclude>
    <ClInclude Include="D:\FinalTeam\FinalTeam\assimp-master\contrib\Open3DGC\o3dgcDynamicVectorDecoder.h">
      <Filter>Contrib\open3dgc</Filter>
    </ClInclude>
    <ClInclude Include="D:\FinalTeam\FinalTeam\assimp-master\contrib\Open3DGC\o3dgcDynamicVectorEncoder.h">
      <Filter>Contrib\open3dgc</Filter>
    </ClInclude>
    <ClInclude Include="D:\FinalTeam\FinalTeam\assimp-master\contrib\Open3DGC\o3dgcDynamicVector.h">
      <Filter>Contrib\open3dgc</Filter>
    </ClInclude>
    <ClInclude Include="D:\FinalTeam\FinalTeam\assimp-master\contrib\Open3DGC\o3dgcFIFO.h">
      <Filter>Contrib\open3dgc</Filter>
    </ClInclude>
    <ClInclude Include="D:\FinalTeam\FinalTeam\assimp-master\contrib\Open3DGC\o3dgcIndexedFaceSet.h">
      <Filter>Contrib\open3dgc</Filter>
    </ClInclude>
    <ClInclude Include="D:\FinalTeam\FinalTeam\assimp-master\contrib\Open3DGC\o3dgcIndexedFaceSet.inl">
      <Filter>Contrib\open3dgc</Filter>
    </ClInclude>
    <ClInclude Include="D:\FinalTeam\FinalTeam\assimp-master\contrib\Open3DGC\o3dgcSC3DMCDecoder.h">
      <Filter>Contrib\open3dgc</Filter>
    </ClInclude>
    <ClInclude Include="D:\FinalTeam\FinalTeam\assimp-master\contrib\Open3DGC\o3dgcSC3DMCDecoder.inl">
      <Filter>Contrib\open3dgc</Filter>
    </ClInclude>
    <ClInclude Include="D:\FinalTeam\FinalTeam\assimp-master\contrib\Open3DGC\o3dgcSC3DMCEncodeParams.h">
      <Filter>Contrib\open3dgc</Filter>
    </ClInclude>
    <ClInclude Include="D:\FinalTeam\FinalTeam\assimp-master\contrib\Open3DGC\o3dgcSC3DMCEncoder.h">
      <Filter>Contrib\open3dgc</Filter>
    </ClInclude>
    <ClInclude Include="D:\FinalTeam\FinalTeam\assimp-master\contrib\Open3DGC\o3dgcSC3DMCEncoder.inl">
      <Filter>Contrib\open3dgc</Filter>
    </ClInclude>
    <ClInclude Include="D:\FinalTeam\FinalTeam\assimp-master\contrib\Open3DGC\o3dgcTimer.h">
      <Filter>Contrib\open3dgc</Filter>
    </ClInclude>
    <ClInclude Include="D:\FinalTeam\FinalTeam\assimp-master\contrib\Open3DGC\o3dgcTriangleFans.h">
      <Filter>Contrib\open3dgc</Filter>
    </ClInclude>
    <ClInclude Include="D:\FinalTeam\FinalTeam\assimp-master\contrib\Open3DGC\o3dgcTriangleListDecoder.h">
      <Filter>Contrib\open3dgc</Filter>
    </ClInclude>
    <ClInclude Include="D:\FinalTeam\FinalTeam\assimp-master\contrib\Open3DGC\o3dgcTriangleListDecoder.inl">
      <Filter>Contrib\open3dgc</Filter>
    </ClInclude>
    <ClInclude Include="D:\FinalTeam\FinalTeam\assimp-master\contrib\Open3DGC\o3dgcTriangleListEncoder.h">
      <Filter>Contrib\open3dgc</Filter>
    </ClInclude>
    <ClInclude Include="D:\FinalTeam\FinalTeam\assimp-master\contrib\Open3DGC\o3dgcTriangleListEncoder.inl">
      <Filter>Contrib\open3dgc</Filter>
    </ClInclude>
    <ClInclude Include="D:\FinalTeam\FinalTeam\assimp-master\contrib\Open3DGC\o3dgcVector.h">
      <Filter>Contrib\open3dgc</Filter>
    </ClInclude>
    <ClInclude Include="D:\FinalTeam\FinalTeam\assimp-master\contrib\Open3DGC\o3dgcVector.inl">
      <Filter>Contrib\open3dgc</Filter>
    </ClInclude>
    <ClInclude Include="D:\FinalTeam\FinalTeam\assimp-master\contrib\zip\src\miniz.h">
      <Filter>ziplib</Filter>
    </ClInclude>
    <ClInclude Include="D:\FinalTeam\FinalTeam\assimp-master\contrib\zip\src\zip.h">
      <Filter>ziplib</Filter>
    </ClInclude>
    <ClInclude Include="D:\FinalTeam\FinalTeam\assimp-master\contrib\pugixml\src\pugiconfig.hpp">
      <Filter>Contrib\Pugixml</Filter>
    </ClInclude>
    <ClInclude Include="D:\FinalTeam\FinalTeam\assimp-master\contrib\pugixml\src\pugixml.hpp">
      <Filter>Contrib\Pugixml</Filter>
    </ClInclude>
    <ClInclude Include="D:\FinalTeam\FinalTeam\assimp-master\contrib\stb\stb_image.h">
      <Filter>Contrib\stb</Filter>
    </ClInclude>
    <ClInclude Include="D:\FinalTeam\FinalTeam\assimp-master\include\assimp\anim.h">
      <Filter>include\assimp</Filter>
    </ClInclude>
    <ClInclude Include="D:\FinalTeam\FinalTeam\assimp-master\include\assimp\aabb.h">
      <Filter>include\assimp</Filter>
    </ClInclude>
    <ClInclude Include="D:\FinalTeam\FinalTeam\assimp-master\include\assimp\ai_assert.h">
      <Filter>include\assimp</Filter>
    </ClInclude>
    <ClInclude Include="D:\FinalTeam\FinalTeam\assimp-master\include\assimp\camera.h">
      <Filter>include\assimp</Filter>
    </ClInclude>
    <ClInclude Include="D:\FinalTeam\FinalTeam\assimp-master\include\assimp\color4.h">
      <Filter>include\assimp</Filter>
    </ClInclude>
    <ClInclude Include="D:\FinalTeam\FinalTeam\assimp-master\include\assimp\color4.inl">
      <Filter>include\assimp</Filter>
    </ClInclude>
    <ClInclude Include="D:\FinalTeam\FinalTeam\assimp-master\include\assimp\config.h">
      <Filter>include\assimp</Filter>
    </ClInclude>
    <ClInclude Include="D:\FinalTeam\FinalTeam\assimp-master\include\assimp\ColladaMetaData.h">
      <Filter>include\assimp</Filter>
    </ClInclude>
    <ClInclude Include="D:\FinalTeam\FinalTeam\assimp-master\include\assimp\commonMetaData.h">
      <Filter>include\assimp</Filter>
    </ClInclude>
    <ClInclude Include="D:\FinalTeam\FinalTeam\assimp-master\include\assimp\defs.h">
      <Filter>include\assimp</Filter>
    </ClInclude>
    <ClInclude Include="D:\FinalTeam\FinalTeam\assimp-master\include\assimp\cfileio.h">
      <Filter>include\assimp</Filter>
    </ClInclude>
    <ClInclude Include="D:\FinalTeam\FinalTeam\assimp-master\include\assimp\light.h">
      <Filter>include\assimp</Filter>
    </ClInclude>
    <ClInclude Include="D:\FinalTeam\FinalTeam\assimp-master\include\assimp\material.h">
      <Filter>include\assimp</Filter>
    </ClInclude>
    <ClInclude Include="D:\FinalTeam\FinalTeam\assimp-master\include\assimp\material.inl">
      <Filter>include\assimp</Filter>
    </ClInclude>
    <ClInclude Include="D:\FinalTeam\FinalTeam\assimp-master\include\assimp\matrix3x3.h">
      <Filter>include\assimp</Filter>
    </ClInclude>
    <ClInclude Include="D:\FinalTeam\FinalTeam\assimp-master\include\assimp\matrix3x3.inl">
      <Filter>include\assimp</Filter>
    </ClInclude>
    <ClInclude Include="D:\FinalTeam\FinalTeam\assimp-master\include\assimp\matrix4x4.h">
      <Filter>include\assimp</Filter>
    </ClInclude>
    <ClInclude Include="D:\FinalTeam\FinalTeam\assimp-master\include\assimp\matrix4x4.inl">
      <Filter>include\assimp</Filter>
    </ClInclude>
    <ClInclude Include="D:\FinalTeam\FinalTeam\assimp-master\include\assimp\mesh.h">
      <Filter>include\assimp</Filter>
    </ClInclude>
    <ClInclude Include="D:\FinalTeam\FinalTeam\assimp-master\include\assimp\ObjMaterial.h">
      <Filter>include\assimp</Filter>
    </ClInclude>
    <ClInclude Include="D:\FinalTeam\FinalTeam\assimp-master\include\assimp\pbrmaterial.h">
      <Filter>include\assimp</Filter>
    </ClInclude>
    <ClInclude Include="D:\FinalTeam\FinalTeam\assimp-master\include\assimp\GltfMaterial.h">
      <Filter>include\assimp</Filter>
    </ClInclude>
    <ClInclude Include="D:\FinalTeam\FinalTeam\assimp-master\include\assimp\postprocess.h">
      <Filter>include\assimp</Filter>
    </ClInclude>
    <ClInclude Include="D:\FinalTeam\FinalTeam\assimp-master\include\assimp\quaternion.h">
      <Filter>include\assimp</Filter>
    </ClInclude>
    <ClInclude Include="D:\FinalTeam\FinalTeam\assimp-master\include\assimp\quaternion.inl">
      <Filter>include\assimp</Filter>
    </ClInclude>
    <ClInclude Include="D:\FinalTeam\FinalTeam\assimp-master\include\assimp\scene.h">
      <Filter>include\assimp</Filter>
    </ClInclude>
    <ClInclude Include="D:\FinalTeam\FinalTeam\assimp-master\include\assimp\metadata.h">
      <Filter>include\assimp</Filter>
    </ClInclude>
    <ClInclude Include="D:\FinalTeam\FinalTeam\assimp-master\include\assimp\texture.h">
      <Filter>include\assimp</Filter>
    </ClInclude>
    <ClInclude Include="D:\FinalTeam\FinalTeam\assimp-master\include\assimp\types.h">
      <Filter>include\assimp</Filter>
    </ClInclude>
    <ClInclude Include="D:\FinalTeam\FinalTeam\assimp-master\include\assimp\vector2.h">
      <Filter>include\assimp</Filter>
    </ClInclude>
    <ClInclude Include="D:\FinalTeam\FinalTeam\assimp-master\include\assimp\vector2.inl">
      <Filter>include\assimp</Filter>
    </ClInclude>
    <ClInclude Include="D:\FinalTeam\FinalTeam\assimp-master\include\assimp\vector3.h">
      <Filter>include\assimp</Filter>
    </ClInclude>
    <ClInclude Include="D:\FinalTeam\FinalTeam\assimp-master\include\assimp\vector3.inl">
      <Filter>include\assimp</Filter>
    </ClInclude>
    <ClInclude Include="D:\FinalTeam\FinalTeam\assimp-master\include\assimp\version.h">
      <Filter>include\assimp</Filter>
    </ClInclude>
    <ClInclude Include="D:\FinalTeam\FinalTeam\assimp-master\include\assimp\cimport.h">
      <Filter>include\assimp</Filter>
    </ClInclude>
    <ClInclude Include="D:\FinalTeam\FinalTeam\assimp-master\include\assimp\importerdesc.h">
      <Filter>include\assimp</Filter>
    </ClInclude>
    <ClInclude Include="D:\FinalTeam\FinalTeam\assimp-master\include\assimp\Importer.hpp">
      <Filter>include\assimp</Filter>
    </ClInclude>
    <ClInclude Include="D:\FinalTeam\FinalTeam\assimp-master\include\assimp\ProgressHandler.hpp">
      <Filter>include\assimp</Filter>
    </ClInclude>
    <ClInclude Include="D:\FinalTeam\FinalTeam\assimp-master\include\assimp\IOStream.hpp">
      <Filter>include\assimp</Filter>
    </ClInclude>
    <ClInclude Include="D:\FinalTeam\FinalTeam\assimp-master\include\assimp\IOSystem.hpp">
      <Filter>include\assimp</Filter>
    </ClInclude>
    <ClInclude Include="D:\FinalTeam\FinalTeam\assimp-master\include\assimp\cexport.h">
      <Filter>include\assimp</Filter>
    </ClInclude>
    <ClInclude Include="D:\FinalTeam\FinalTeam\assimp-master\include\assimp\Exporter.hpp">
      <Filter>include\assimp</Filter>
    </ClInclude>
    <ClInclude Include="D:\FinalTeam\FinalTeam\assimp-master\include\assimp\DefaultIOStream.h">
      <Filter>include\assimp</Filter>
    </ClInclude>
    <ClInclude Include="D:\FinalTeam\FinalTeam\assimp-master\include\assimp\DefaultIOSystem.h">
      <Filter>include\assimp</Filter>
    </ClInclude>
    <ClInclude Include="D:\FinalTeam\FinalTeam\assimp-master\include\assimp\ZipArchiveIOSystem.h">
      <Filter>include\assimp</Filter>
    </ClInclude>
    <ClInclude Include="D:\FinalTeam\FinalTeam\assimp-master\include\assimp\SceneCombiner.h">
      <Filter>include\assimp</Filter>
    </ClInclude>
    <ClInclude Include="D:\FinalTeam\FinalTeam\assimp-master\include\assimp\fast_atof.h">
      <Filter>include\assimp</Filter>
    </ClInclude>
    <ClInclude Include="D:\FinalTeam\FinalTeam\assimp-master\include\assimp\qnan.h">
      <Filter>include\assimp</Filter>
    </ClInclude>
    <ClInclude Include="D:\FinalTeam\FinalTeam\assimp-master\include\assimp\BaseImporter.h">
      <Filter>include\assimp</Filter>
    </ClInclude>
    <ClInclude Include="D:\FinalTeam\FinalTeam\assimp-master\include\assimp\Hash.h">
      <Filter>include\assimp</Filter>
    </ClInclude>
    <ClInclude Include="D:\FinalTeam\FinalTeam\assimp-master\include\assimp\MemoryIOWrapper.h">
      <Filter>include\assimp</Filter>
    </ClInclude>
    <ClInclude Include="D:\FinalTeam\FinalTeam\assimp-master\include\assimp\ParsingUtils.h">
      <Filter>include\assimp</Filter>
    </ClInclude>
    <ClInclude Include="D:\FinalTeam\FinalTeam\assimp-master\include\assimp\StreamReader.h">
      <Filter>include\assimp</Filter>
    </ClInclude>
    <ClInclude Include="D:\FinalTeam\FinalTeam\assimp-master\include\assimp\StreamWriter.h">
      <Filter>include\assimp</Filter>
    </ClInclude>
    <ClInclude Include="D:\FinalTeam\FinalTeam\assimp-master\include\assimp\StringComparison.h">
      <Filter>include\assimp</Filter>
    </ClInclude>
    <ClInclude Include="D:\FinalTeam\FinalTeam\assimp-master\include\assimp\StringUtils.h">
      <Filter>include\assimp</Filter>
    </ClInclude>
    <ClInclude Include="D:\FinalTeam\FinalTeam\assimp-master\include\assimp\SGSpatialSort.h">
      <Filter>include\assimp</Filter>
    </ClInclude>
    <ClInclude Include="D:\FinalTeam\FinalTeam\assimp-master\include\assimp\GenericProperty.h">
      <Filter>include\assimp</Filter>
    </ClInclude>
    <ClInclude Include="D:\FinalTeam\FinalTeam\assimp-master\include\assimp\SpatialSort.h">
      <Filter>include\assimp</Filter>
    </ClInclude>
    <ClInclude Include="D:\FinalTeam\FinalTeam\assimp-master\include\assimp\SkeletonMeshBuilder.h">
      <Filter>include\assimp</Filter>
    </ClInclude>
    <ClInclude Include="D:\FinalTeam\FinalTeam\assimp-master\include\assimp\SmallVector.h">
      <Filter>include\assimp</Filter>
    </ClInclude>
    <ClInclude Include="D:\FinalTeam\FinalTeam\assimp-master\include\assimp\SmoothingGroups.h">
      <Filter>include\assimp</Filter>
    </ClInclude>
    <ClInclude Include="D:\FinalTeam\FinalTeam\assimp-master\include\assimp\SmoothingGroups.inl">
      <Filter>include\assimp</Filter>
    </ClInclude>
    <ClInclude Include="D:\FinalTeam\FinalTeam\assimp-master\include\assimp\StandardShapes.h">
      <Filter>include\assimp</Filter>
    </ClInclude>
    <ClInclude Include="D:\FinalTeam\FinalTeam\assimp-master\include\assimp\RemoveComments.h">
      <Filter>include\assimp</Filter>
    </ClInclude>
    <ClInclude Include="D:\FinalTeam\FinalTeam\assimp-master\include\assimp\Subdivision.h">
      <Filter>include\assimp</Filter>
    </ClInclude>
    <ClInclude Include="D:\FinalTeam\FinalTeam\assimp-master\include\assimp\Vertex.h">
      <Filter>include\assimp</Filter>
    </ClInclude>
    <ClInclude Include="D:\FinalTeam\FinalTeam\assimp-master\include\assimp\LineSplitter.h">
      <Filter>include\assimp</Filter>
    </ClInclude>
    <ClInclude Include="D:\FinalTeam\FinalTeam\assimp-master\include\assimp\TinyFormatter.h">
      <Filter>include\assimp</Filter>
    </ClInclude>
    <ClInclude Include="D:\FinalTeam\FinalTeam\assimp-master\include\assimp\Profiler.h">
      <Filter>include\assimp</Filter>
    </ClInclude>
    <ClInclude Include="D:\FinalTeam\FinalTeam\assimp-master\include\assimp\LogAux.h">
      <Filter>include\assimp</Filter>
    </ClInclude>
    <ClInclude Include="D:\FinalTeam\FinalTeam\assimp-master\include\assimp\Bitmap.h">
      <Filter>include\assimp</Filter>
    </ClInclude>
    <ClInclude Include="D:\FinalTeam\FinalTeam\assimp-master\include\assimp\XMLTools.h">
      <Filter>include\assimp</Filter>
    </ClInclude>
    <ClInclude Include="D:\FinalTeam\FinalTeam\assimp-master\include\assimp\IOStreamBuffer.h">
      <Filter>include\assimp</Filter>
    </ClInclude>
    <ClInclude Include="D:\FinalTeam\FinalTeam\assimp-master\include\assimp\CreateAnimMesh.h">
      <Filter>include\assimp</Filter>
    </ClInclude>
    <ClInclude Include="D:\FinalTeam\FinalTeam\assimp-master\include\assimp\XmlParser.h">
      <Filter>include\assimp</Filter>
    </ClInclude>
    <ClInclude Include="D:\FinalTeam\FinalTeam\assimp-master\include\assimp\MathFunctions.h">
      <Filter>include\assimp</Filter>
    </ClInclude>
    <ClInclude Include="D:\FinalTeam\FinalTeam\assimp-master\include\assimp\Exceptional.h">
      <Filter>include\assimp</Filter>
    </ClInclude>
    <ClInclude Include="D:\FinalTeam\FinalTeam\assimp-master\include\assimp\ByteSwapper.h">
      <Filter>include\assimp</Filter>
    </ClInclude>
    <ClInclude Include="D:\FinalTeam\FinalTeam\assimp-master\include\assimp\Base64.hpp">
      <Filter>include\assimp</Filter>
    </ClInclude>
    <ClInclude Include="D:\FinalTeam\FinalTeam\assimp-master\include\assimp\Compiler\pushpack1.h">
      <Filter>Compiler</Filter>
    </ClInclude>
    <ClInclude Include="D:\FinalTeam\FinalTeam\assimp-master\include\assimp\Compiler\poppack1.h">
      <Filter>Compiler</Filter>
    </ClInclude>
    <ClInclude Include="D:\FinalTeam\FinalTeam\assimp-master\include\assimp\Compiler\pstdint.h">
      <Filter>Compiler</Filter>
    </ClInclude>
  </ItemGroup>
  <ItemGroup>
    <CustomBuild Include="D:\FinalTeam\FinalTeam\assimp-master\code\CMakeLists.txt" />
  </ItemGroup>
  <ItemGroup>
    <ResourceCompile Include="D:\FinalTeam\FinalTeam\assimp-master\code\res\assimp.rc">
      <Filter>Source Files</Filter>
    </ResourceCompile>
  </ItemGroup>
  <ItemGroup>
    <Filter Include="AssetLib">
      <UniqueIdentifier>{16AB7AA9-16D4-3D53-BC67-C912B90BB989}</UniqueIdentifier>
    </Filter>
    <Filter Include="AssetLib\3D">
      <UniqueIdentifier>{72EC3C73-15E8-371B-A52B-33D7DEED2E4E}</UniqueIdentifier>
    </Filter>
    <Filter Include="AssetLib\3DS">
      <UniqueIdentifier>{6A985FAE-2B0F-344C-964F-A44F32E28424}</UniqueIdentifier>
    </Filter>
    <Filter Include="AssetLib\3MF">
      <UniqueIdentifier>{26E408DD-AB65-3FCC-BE89-CFF3CA39D06E}</UniqueIdentifier>
    </Filter>
    <Filter Include="AssetLib\AC">
      <UniqueIdentifier>{1702D1C4-8895-3B96-AA1E-9E25723B30D6}</UniqueIdentifier>
    </Filter>
    <Filter Include="AssetLib\AMF">
      <UniqueIdentifier>{8A13D072-D57F-3808-8F2B-C16584CBEEF2}</UniqueIdentifier>
    </Filter>
    <Filter Include="AssetLib\ASE">
      <UniqueIdentifier>{432513B9-E4A8-3AA8-AB52-9B41A3E6DAF7}</UniqueIdentifier>
    </Filter>
    <Filter Include="AssetLib\ASSBIN">
      <UniqueIdentifier>{3FFCCB66-5DEB-34A6-8497-1A425181E930}</UniqueIdentifier>
    </Filter>
    <Filter Include="AssetLib\ASSJSON">
      <UniqueIdentifier>{74834934-4414-3F09-A460-0A78E58CB3EB}</UniqueIdentifier>
    </Filter>
    <Filter Include="AssetLib\ASSXML">
      <UniqueIdentifier>{D487166D-BAD9-31CE-9BEC-376CB3941D95}</UniqueIdentifier>
    </Filter>
    <Filter Include="AssetLib\B3D">
      <UniqueIdentifier>{0D6A2252-AA9B-3415-A0FB-D2B16B72D4D2}</UniqueIdentifier>
    </Filter>
    <Filter Include="AssetLib\BLEND">
      <UniqueIdentifier>{DB6AE373-B9BD-39B5-94EC-A306369BC62F}</UniqueIdentifier>
    </Filter>
    <Filter Include="AssetLib\BVH">
      <UniqueIdentifier>{1A8CEF54-299F-3EF7-BF86-2B6A6E324240}</UniqueIdentifier>
    </Filter>
    <Filter Include="AssetLib\COB">
      <UniqueIdentifier>{953C2E75-F735-36BB-A3F3-22D52C993853}</UniqueIdentifier>
    </Filter>
    <Filter Include="AssetLib\COLLADA">
      <UniqueIdentifier>{ECC7E467-42B5-34FA-BE9B-28319C78C4A6}</UniqueIdentifier>
    </Filter>
    <Filter Include="AssetLib\CSM">
      <UniqueIdentifier>{79161947-11C3-38BB-B4CA-2978F345F3AB}</UniqueIdentifier>
    </Filter>
    <Filter Include="AssetLib\DXF">
      <UniqueIdentifier>{13C0E4E6-C804-3520-96CD-0123FFA7FB3D}</UniqueIdentifier>
    </Filter>
    <Filter Include="AssetLib\FBX">
      <UniqueIdentifier>{4391E807-F795-32EF-8AD4-C8D220AA3AB9}</UniqueIdentifier>
    </Filter>
    <Filter Include="AssetLib\GLTF">
      <UniqueIdentifier>{A7155AC5-DF59-339C-A483-1BFA59C08630}</UniqueIdentifier>
    </Filter>
    <Filter Include="AssetLib\HMP">
      <UniqueIdentifier>{78AA237C-E1C7-39D0-9607-D97B088716A8}</UniqueIdentifier>
    </Filter>
    <Filter Include="AssetLib\IFC">
      <UniqueIdentifier>{D8D4FC70-C602-3EDD-B903-AA3E139D1D3F}</UniqueIdentifier>
    </Filter>
    <Filter Include="AssetLib\IQM">
      <UniqueIdentifier>{23826DF0-71FC-3BA5-922F-921D36B3E57D}</UniqueIdentifier>
    </Filter>
    <Filter Include="AssetLib\IRR">
      <UniqueIdentifier>{F58F0570-CE0F-32C4-AA67-869E7ABE24E5}</UniqueIdentifier>
    </Filter>
    <Filter Include="AssetLib\IRRMESH">
      <UniqueIdentifier>{D1EF2185-03DA-3880-8862-31D7C9A3EC8C}</UniqueIdentifier>
    </Filter>
    <Filter Include="AssetLib\LWO">
      <UniqueIdentifier>{1B045742-C1CC-3886-BB41-82AC98136636}</UniqueIdentifier>
    </Filter>
    <Filter Include="AssetLib\LWS">
      <UniqueIdentifier>{D55C6283-8589-3150-A1B4-43AE83A218BB}</UniqueIdentifier>
    </Filter>
    <Filter Include="AssetLib\M3D">
      <UniqueIdentifier>{1F286D87-D869-34DC-A66E-6AFEB278D745}</UniqueIdentifier>
    </Filter>
    <Filter Include="AssetLib\MD2">
      <UniqueIdentifier>{F72B5454-A888-3114-B248-7A7A6A1E972E}</UniqueIdentifier>
    </Filter>
    <Filter Include="AssetLib\MD3">
      <UniqueIdentifier>{E9B143CD-6C98-3A56-A8ED-FBDFE6B71615}</UniqueIdentifier>
    </Filter>
    <Filter Include="AssetLib\MD5">
      <UniqueIdentifier>{7E374C48-AE7E-355B-8A8F-2C5E086E5C62}</UniqueIdentifier>
    </Filter>
    <Filter Include="AssetLib\MDC">
      <UniqueIdentifier>{0B325CDC-7E03-39B7-89DD-FEAF22DF335C}</UniqueIdentifier>
    </Filter>
    <Filter Include="AssetLib\MDL">
      <UniqueIdentifier>{92024325-1542-38C5-BFDB-DB112A0B3376}</UniqueIdentifier>
    </Filter>
    <Filter Include="AssetLib\MMD">
      <UniqueIdentifier>{03816E0C-7696-31F6-A90F-7259AF9BCCCB}</UniqueIdentifier>
    </Filter>
    <Filter Include="AssetLib\MS3D">
      <UniqueIdentifier>{E000AFD7-EBBD-35BC-BEBB-C9DADAF6EFB4}</UniqueIdentifier>
    </Filter>
    <Filter Include="AssetLib\NDO">
      <UniqueIdentifier>{EE71C050-3B0E-35B9-B7FB-C00A197A0AAB}</UniqueIdentifier>
    </Filter>
    <Filter Include="AssetLib\NFF">
      <UniqueIdentifier>{76A01F48-566A-3FF0-A91C-96C104D0D2A2}</UniqueIdentifier>
    </Filter>
    <Filter Include="AssetLib\OBJ">
      <UniqueIdentifier>{B7A04D6B-11A8-350E-A4BE-2FCC7157B516}</UniqueIdentifier>
    </Filter>
    <Filter Include="AssetLib\OFF">
      <UniqueIdentifier>{DDFFF407-3328-3ADE-B6A9-3F2FAB757EC5}</UniqueIdentifier>
    </Filter>
    <Filter Include="AssetLib\OGRE">
      <UniqueIdentifier>{9E67E168-D19C-31C2-9598-4252B55BA4F4}</UniqueIdentifier>
    </Filter>
    <Filter Include="AssetLib\OPENGEX">
      <UniqueIdentifier>{565153DD-E469-3008-A394-61070BDF0271}</UniqueIdentifier>
    </Filter>
    <Filter Include="AssetLib\PBRT">
      <UniqueIdentifier>{7ED73097-5CF8-3008-B4AB-8CB0E06397CC}</UniqueIdentifier>
    </Filter>
    <Filter Include="AssetLib\PLY">
      <UniqueIdentifier>{9BD69C27-94DF-3E3B-AC92-7678EE02E3D5}</UniqueIdentifier>
    </Filter>
    <Filter Include="AssetLib\Q3BSP">
      <UniqueIdentifier>{D0639112-1BC4-3534-9067-2EB37FAA3BC2}</UniqueIdentifier>
    </Filter>
    <Filter Include="AssetLib\Q3D">
      <UniqueIdentifier>{6912E80F-8C23-3AA8-A695-14121DF38C57}</UniqueIdentifier>
    </Filter>
    <Filter Include="AssetLib\RAW">
      <UniqueIdentifier>{CD65AEEA-B636-36B8-8C09-8156CE1F319D}</UniqueIdentifier>
    </Filter>
    <Filter Include="AssetLib\SIB">
      <UniqueIdentifier>{1F60FC83-4801-3513-B9C5-7EA16A26A12D}</UniqueIdentifier>
    </Filter>
    <Filter Include="AssetLib\SMD">
      <UniqueIdentifier>{5D116618-5DB0-3220-8D56-58CBED744CDE}</UniqueIdentifier>
    </Filter>
    <Filter Include="AssetLib\STEP">
      <UniqueIdentifier>{B9221884-DA9B-3D1E-884D-3D6FE45DF0E4}</UniqueIdentifier>
    </Filter>
    <Filter Include="AssetLib\STL">
      <UniqueIdentifier>{F3B082B3-7F8A-3436-BBFD-4AC6D98AA93B}</UniqueIdentifier>
    </Filter>
    <Filter Include="AssetLib\TERRAGEN">
      <UniqueIdentifier>{38102DC2-E9DB-3CDA-9582-65F12B3FE2C7}</UniqueIdentifier>
    </Filter>
    <Filter Include="AssetLib\X">
      <UniqueIdentifier>{0AEAC622-C48B-3EA3-B785-5A8F7556C2A2}</UniqueIdentifier>
    </Filter>
    <Filter Include="AssetLib\X3D">
      <UniqueIdentifier>{82ADA4A8-DBD2-36DB-90A5-F86E192D05E4}</UniqueIdentifier>
    </Filter>
    <Filter Include="AssetLib\XGL">
      <UniqueIdentifier>{7BECF703-8AC8-3B54-A19F-D969F010F3D1}</UniqueIdentifier>
    </Filter>
    <Filter Include="CApi">
      <UniqueIdentifier>{345C7167-4899-324F-A480-EE62C120D200}</UniqueIdentifier>
    </Filter>
    <Filter Include="Common">
      <UniqueIdentifier>{A7BF8938-82A1-32A6-8527-686C96503DC2}</UniqueIdentifier>
    </Filter>
    <Filter Include="Compiler">
      <UniqueIdentifier>{AB24D620-67AB-32C2-875A-872BCEC62879}</UniqueIdentifier>
    </Filter>
    <Filter Include="Contrib">
      <UniqueIdentifier>{0CAE14B3-1E50-3675-9E51-447F83F540FD}</UniqueIdentifier>
    </Filter>
    <Filter Include="Contrib\Clipper">
      <UniqueIdentifier>{CF5C8DB9-520C-3112-9590-0B93B7033D8A}</UniqueIdentifier>
    </Filter>
    <Filter Include="Contrib\Poly2Tri">
      <UniqueIdentifier>{7A7AAAC4-131F-3EEA-949A-76DFA56B2C49}</UniqueIdentifier>
    </Filter>
    <Filter Include="Contrib\Pugixml">
      <UniqueIdentifier>{B0B98954-7A66-3FA1-B64F-37589048A246}</UniqueIdentifier>
    </Filter>
    <Filter Include="Contrib\open3dgc">
      <UniqueIdentifier>{04EDE291-7B84-30BF-B9E5-984B40C7CC84}</UniqueIdentifier>
    </Filter>
    <Filter Include="Contrib\openddl_parser">
      <UniqueIdentifier>{6AAE4DF1-9B05-34FD-8277-186C0D61B0F1}</UniqueIdentifier>
    </Filter>
    <Filter Include="Contrib\stb">
      <UniqueIdentifier>{315E4612-33E3-38A3-B238-97109EA00DE1}</UniqueIdentifier>
    </Filter>
    <Filter Include="Contrib\unzip">
      <UniqueIdentifier>{84FDA528-D2DB-3E6F-B504-28DF4C3478AD}</UniqueIdentifier>
    </Filter>
    <Filter Include="Exporter">
      <UniqueIdentifier>{4336D61A-DE21-34B6-809A-26571E934C93}</UniqueIdentifier>
    </Filter>
    <Filter Include="Logging">
      <UniqueIdentifier>{691B8C8C-A62D-3A53-89AD-A246BD98E2AD}</UniqueIdentifier>
    </Filter>
    <Filter Include="MaterialSystem">
      <UniqueIdentifier>{858C3D33-96EB-3FBB-AA12-3A56E59FD08F}</UniqueIdentifier>
    </Filter>
    <Filter Include="PostProcessing">
      <UniqueIdentifier>{30028BCA-2052-314D-9C18-7611EB2C1AA8}</UniqueIdentifier>
    </Filter>
    <Filter Include="STEPParser">
      <UniqueIdentifier>{5313D178-B560-3FD1-B515-8AC032990DF8}</UniqueIdentifier>
    </Filter>
    <Filter Include="Source Files">
      <UniqueIdentifier>{BD56D20A-331F-3BD1-A10B-CEA1D389D8E3}</UniqueIdentifier>
    </Filter>
    <Filter Include="include">
      <UniqueIdentifier>{62DE71E6-A613-393E-8340-CD4CF43B1292}</UniqueIdentifier>
    </Filter>
    <Filter Include="include\assimp">
      <UniqueIdentifier>{23DA30CD-56B2-3F2A-8015-FCEEEC4219B6}</UniqueIdentifier>
    </Filter>
    <Filter Include="ziplib">
      <UniqueIdentifier>{AE1C18E6-B182-3F70-A5CD-BFF7A4650DC8}</UniqueIdentifier>
    </Filter>
  </ItemGroup>
</Project>
